// !$*UTF8*$!
{
	archiveVersion = 1;
	classes = {
	};
	objectVersion = 46;
	objects = {

/* Begin PBXBuildFile section */
		7025582F1856060E00403763 /* Browser_iPad.storyboard in Resources */ = {isa = PBXBuildFile; fileRef = 7025582E1856060E00403763 /* Browser_iPad.storyboard */; };
		70360B1A142C7AC6001F77E1 /* MessageUI.framework in Frameworks */ = {isa = PBXBuildFile; fileRef = 70360B19142C7AC6001F77E1 /* MessageUI.framework */; };
		706EA5431855F5290043AAA6 /* main.mm in Sources */ = {isa = PBXBuildFile; fileRef = 706EA5401855F5290043AAA6 /* main.mm */; };
		706EA5441855F5290043AAA6 /* root_browserAppDelegate.mm in Sources */ = {isa = PBXBuildFile; fileRef = 706EA5421855F5290043AAA6 /* root_browserAppDelegate.mm */; };
		706EA55D1855F6DA0043AAA6 /* HorizontalPickerView.mm in Sources */ = {isa = PBXBuildFile; fileRef = 706EA5561855F6DA0043AAA6 /* HorizontalPickerView.mm */; };
		706EA55E1855F6DA0043AAA6 /* RangeSlider.mm in Sources */ = {isa = PBXBuildFile; fileRef = 706EA5581855F6DA0043AAA6 /* RangeSlider.mm */; };
		706EA55F1855F6DA0043AAA6 /* ScrollViewWithPickers.mm in Sources */ = {isa = PBXBuildFile; fileRef = 706EA55A1855F6DA0043AAA6 /* ScrollViewWithPickers.mm */; };
		706EA5601855F6DA0043AAA6 /* TransparentToolbar.m in Sources */ = {isa = PBXBuildFile; fileRef = 706EA55C1855F6DA0043AAA6 /* TransparentToolbar.m */; };
		706EA5741855F7E50043AAA6 /* FileShortcutView.mm in Sources */ = {isa = PBXBuildFile; fileRef = 706EA5651855F7E50043AAA6 /* FileShortcutView.mm */; };
		706EA5751855F7E50043AAA6 /* ObjectShortcutView.mm in Sources */ = {isa = PBXBuildFile; fileRef = 706EA5671855F7E50043AAA6 /* ObjectShortcutView.mm */; };
		706EA5761855F7E50043AAA6 /* PadEditorScrollView.mm in Sources */ = {isa = PBXBuildFile; fileRef = 706EA5691855F7E50043AAA6 /* PadEditorScrollView.mm */; };
		706EA5771855F7E50043AAA6 /* PadScrollView.mm in Sources */ = {isa = PBXBuildFile; fileRef = 706EA56B1855F7E50043AAA6 /* PadScrollView.mm */; };
		706EA5781855F7E50043AAA6 /* PadSelectionView.mm in Sources */ = {isa = PBXBuildFile; fileRef = 706EA56D1855F7E50043AAA6 /* PadSelectionView.mm */; };
		706EA5791855F7E50043AAA6 /* PadSlideView.mm in Sources */ = {isa = PBXBuildFile; fileRef = 706EA56F1855F7E50043AAA6 /* PadSlideView.mm */; };
		706EA57A1855F7E50043AAA6 /* PadView.mm in Sources */ = {isa = PBXBuildFile; fileRef = 706EA5711855F7E50043AAA6 /* PadView.mm */; };
		706EA57B1855F7E50043AAA6 /* SpotObjectView.mm in Sources */ = {isa = PBXBuildFile; fileRef = 706EA5731855F7E50043AAA6 /* SpotObjectView.mm */; };
		706EA57E1855F8570043AAA6 /* FileContainerElement.mm in Sources */ = {isa = PBXBuildFile; fileRef = 706EA57D1855F8570043AAA6 /* FileContainerElement.mm */; };
		706EA5891855F8CC0043AAA6 /* FileCollectionViewController.mm in Sources */ = {isa = PBXBuildFile; fileRef = 706EA57F1855F8CC0043AAA6 /* FileCollectionViewController.mm */; };
		706EA58A1855F8CC0043AAA6 /* FileContentViewController.mm in Sources */ = {isa = PBXBuildFile; fileRef = 706EA5811855F8CC0043AAA6 /* FileContentViewController.mm */; };
		706EA58B1855F8CC0043AAA6 /* ObjectViewController.mm in Sources */ = {isa = PBXBuildFile; fileRef = 706EA5821855F8CC0043AAA6 /* ObjectViewController.mm */; };
		706EA58C1855F8CC0043AAA6 /* SlideshowViewController.mm in Sources */ = {isa = PBXBuildFile; fileRef = 706EA5841855F8CC0043AAA6 /* SlideshowViewController.mm */; };
		706EA58D1855F8CC0043AAA6 /* SearchViewController.mm in Sources */ = {isa = PBXBuildFile; fileRef = 706EA5861855F8CC0043AAA6 /* SearchViewController.mm */; };
		706EA59A1855FA310043AAA6 /* MainWindow.xib in Resources */ = {isa = PBXBuildFile; fileRef = 706EA5991855FA310043AAA6 /* MainWindow.xib */; };
		706EA5BF1855FBA30043AAA6 /* AxisFontInspector.mm in Sources */ = {isa = PBXBuildFile; fileRef = 706EA59E1855FBA30043AAA6 /* AxisFontInspector.mm */; };
		706EA5C01855FBA30043AAA6 /* AxisInspector.mm in Sources */ = {isa = PBXBuildFile; fileRef = 706EA5A01855FBA30043AAA6 /* AxisInspector.mm */; };
		706EA5C11855FBA30043AAA6 /* AxisLabelsInspector.mm in Sources */ = {isa = PBXBuildFile; fileRef = 706EA5A21855FBA30043AAA6 /* AxisLabelsInspector.mm */; };
		706EA5C21855FBA30043AAA6 /* AxisTicksInspector.mm in Sources */ = {isa = PBXBuildFile; fileRef = 706EA5A41855FBA30043AAA6 /* AxisTicksInspector.mm */; };
		706EA5C31855FBA30043AAA6 /* AxisTitleInspector.mm in Sources */ = {isa = PBXBuildFile; fileRef = 706EA5A61855FBA30043AAA6 /* AxisTitleInspector.mm */; };
		706EA5C41855FBA30043AAA6 /* FilledAreaInspector.mm in Sources */ = {isa = PBXBuildFile; fileRef = 706EA5A81855FBA30043AAA6 /* FilledAreaInspector.mm */; };
		706EA5C51855FBA30043AAA6 /* H1BinsInspector.mm in Sources */ = {isa = PBXBuildFile; fileRef = 706EA5AA1855FBA30043AAA6 /* H1BinsInspector.mm */; };
		706EA5C61855FBA30043AAA6 /* H1ErrorsInspector.mm in Sources */ = {isa = PBXBuildFile; fileRef = 706EA5AC1855FBA30043AAA6 /* H1ErrorsInspector.mm */; };
		706EA5C71855FBA30043AAA6 /* H1Inspector.mm in Sources */ = {isa = PBXBuildFile; fileRef = 706EA5AE1855FBA30043AAA6 /* H1Inspector.mm */; };
		706EA5C81855FBA30043AAA6 /* InspectorWithNavigation.mm in Sources */ = {isa = PBXBuildFile; fileRef = 706EA5B01855FBA30043AAA6 /* InspectorWithNavigation.mm */; };
		706EA5C91855FBA30043AAA6 /* LineInspector.mm in Sources */ = {isa = PBXBuildFile; fileRef = 706EA5B21855FBA30043AAA6 /* LineInspector.mm */; };
		706EA5CA1855FBA30043AAA6 /* MarkerInspector.mm in Sources */ = {isa = PBXBuildFile; fileRef = 706EA5B41855FBA30043AAA6 /* MarkerInspector.mm */; };
		706EA5CB1855FBA30043AAA6 /* ObjectInspector.mm in Sources */ = {isa = PBXBuildFile; fileRef = 706EA5B61855FBA30043AAA6 /* ObjectInspector.mm */; };
		706EA5CC1855FBA30043AAA6 /* PadInspector.mm in Sources */ = {isa = PBXBuildFile; fileRef = 706EA5B91855FBA30043AAA6 /* PadInspector.mm */; };
		706EA5CD1855FBA30043AAA6 /* PadLogScaleInspector.mm in Sources */ = {isa = PBXBuildFile; fileRef = 706EA5BB1855FBA30043AAA6 /* PadLogScaleInspector.mm */; };
		706EA5CE1855FBA30043AAA6 /* PadTicksGridInspector.mm in Sources */ = {isa = PBXBuildFile; fileRef = 706EA5BD1855FBA30043AAA6 /* PadTicksGridInspector.mm */; };
		706EA5E01855FC5B0043AAA6 /* ColorCell.mm in Sources */ = {isa = PBXBuildFile; fileRef = 706EA5D11855FC5B0043AAA6 /* ColorCell.mm */; };
		706EA5E11855FC5B0043AAA6 /* EditorPlateView.mm in Sources */ = {isa = PBXBuildFile; fileRef = 706EA5D31855FC5B0043AAA6 /* EditorPlateView.mm */; };
		706EA5E21855FC5B0043AAA6 /* EditorView.mm in Sources */ = {isa = PBXBuildFile; fileRef = 706EA5D51855FC5B0043AAA6 /* EditorView.mm */; };
		706EA5E31855FC5B0043AAA6 /* LineStyleCell.mm in Sources */ = {isa = PBXBuildFile; fileRef = 706EA5D71855FC5B0043AAA6 /* LineStyleCell.mm */; };
		706EA5E41855FC5B0043AAA6 /* LineWidthCell.mm in Sources */ = {isa = PBXBuildFile; fileRef = 706EA5D91855FC5B0043AAA6 /* LineWidthCell.mm */; };
		706EA5E51855FC5B0043AAA6 /* LineWidthPicker.mm in Sources */ = {isa = PBXBuildFile; fileRef = 706EA5DB1855FC5B0043AAA6 /* LineWidthPicker.mm */; };
		706EA5E61855FC5B0043AAA6 /* MarkerStyleCell.mm in Sources */ = {isa = PBXBuildFile; fileRef = 706EA5DD1855FC5B0043AAA6 /* MarkerStyleCell.mm */; };
		706EA5E71855FC5B0043AAA6 /* PatternCell.mm in Sources */ = {isa = PBXBuildFile; fileRef = 706EA5DF1855FC5B0043AAA6 /* PatternCell.mm */; };
		706EA5F71855FD320043AAA6 /* AxisFontInspector.xib in Resources */ = {isa = PBXBuildFile; fileRef = 706EA5E91855FD320043AAA6 /* AxisFontInspector.xib */; };
		706EA5F81855FD320043AAA6 /* AxisInspector.xib in Resources */ = {isa = PBXBuildFile; fileRef = 706EA5EA1855FD320043AAA6 /* AxisInspector.xib */; };
		706EA5F91855FD320043AAA6 /* AxisLabelsInspector.xib in Resources */ = {isa = PBXBuildFile; fileRef = 706EA5EB1855FD320043AAA6 /* AxisLabelsInspector.xib */; };
		706EA5FA1855FD320043AAA6 /* AxisTicksInspector.xib in Resources */ = {isa = PBXBuildFile; fileRef = 706EA5EC1855FD320043AAA6 /* AxisTicksInspector.xib */; };
		706EA5FB1855FD320043AAA6 /* AxisTitleInspector.xib in Resources */ = {isa = PBXBuildFile; fileRef = 706EA5ED1855FD320043AAA6 /* AxisTitleInspector.xib */; };
		706EA5FC1855FD320043AAA6 /* FilledAreaInspector.xib in Resources */ = {isa = PBXBuildFile; fileRef = 706EA5EE1855FD320043AAA6 /* FilledAreaInspector.xib */; };
		706EA5FD1855FD320043AAA6 /* H1BinsInspector.xib in Resources */ = {isa = PBXBuildFile; fileRef = 706EA5EF1855FD320043AAA6 /* H1BinsInspector.xib */; };
		706EA5FE1855FD320043AAA6 /* H1ErrorsInspector.xib in Resources */ = {isa = PBXBuildFile; fileRef = 706EA5F01855FD320043AAA6 /* H1ErrorsInspector.xib */; };
		706EA5FF1855FD320043AAA6 /* H1Inspector.xib in Resources */ = {isa = PBXBuildFile; fileRef = 706EA5F11855FD320043AAA6 /* H1Inspector.xib */; };
		706EA6001855FD320043AAA6 /* LineInspector.xib in Resources */ = {isa = PBXBuildFile; fileRef = 706EA5F21855FD320043AAA6 /* LineInspector.xib */; };
		706EA6011855FD320043AAA6 /* MarkerInspector.xib in Resources */ = {isa = PBXBuildFile; fileRef = 706EA5F31855FD320043AAA6 /* MarkerInspector.xib */; };
		706EA6021855FD320043AAA6 /* PadInspector.xib in Resources */ = {isa = PBXBuildFile; fileRef = 706EA5F41855FD320043AAA6 /* PadInspector.xib */; };
		706EA6031855FD320043AAA6 /* PadLogScaleInspector.xib in Resources */ = {isa = PBXBuildFile; fileRef = 706EA5F51855FD320043AAA6 /* PadLogScaleInspector.xib */; };
		706EA6041855FD320043AAA6 /* PadTicksGridInspector.xib in Resources */ = {isa = PBXBuildFile; fileRef = 706EA5F61855FD320043AAA6 /* PadTicksGridInspector.xib */; };
		706EA60C1855FDEB0043AAA6 /* Constants.mm in Sources */ = {isa = PBXBuildFile; fileRef = 706EA6071855FDEB0043AAA6 /* Constants.mm */; };
		706EA60D1855FDEB0043AAA6 /* FileUtils.mm in Sources */ = {isa = PBXBuildFile; fileRef = 706EA6091855FDEB0043AAA6 /* FileUtils.mm */; };
		706EA60E1855FDEB0043AAA6 /* Shortcuts.mm in Sources */ = {isa = PBXBuildFile; fileRef = 706EA60B1855FDEB0043AAA6 /* Shortcuts.mm */; };
		706EA6171855FE610043AAA6 /* app_icon.png in Resources */ = {isa = PBXBuildFile; fileRef = 706EA6111855FE610043AAA6 /* app_icon.png */; };
		706EA6181855FE610043AAA6 /* Default-Landscape.png in Resources */ = {isa = PBXBuildFile; fileRef = 706EA6121855FE610043AAA6 /* Default-Landscape.png */; };
		706EA6191855FE610043AAA6 /* Default-LandscapeLeft.png in Resources */ = {isa = PBXBuildFile; fileRef = 706EA6131855FE610043AAA6 /* Default-LandscapeLeft.png */; };
		706EA61A1855FE610043AAA6 /* Default-LandscapeRight.png in Resources */ = {isa = PBXBuildFile; fileRef = 706EA6141855FE610043AAA6 /* Default-LandscapeRight.png */; };
		706EA61B1855FE610043AAA6 /* Default-Portrait.png in Resources */ = {isa = PBXBuildFile; fileRef = 706EA6151855FE610043AAA6 /* Default-Portrait.png */; };
		706EA61C1855FE610043AAA6 /* Default-PortraitUpsideDown.png in Resources */ = {isa = PBXBuildFile; fileRef = 706EA6161855FE610043AAA6 /* Default-PortraitUpsideDown.png */; };
		706EA6211855FEEF0043AAA6 /* directory.png in Resources */ = {isa = PBXBuildFile; fileRef = 706EA61E1855FEEF0043AAA6 /* directory.png */; };
		706EA6221855FEEF0043AAA6 /* file_icon.png in Resources */ = {isa = PBXBuildFile; fileRef = 706EA61F1855FEEF0043AAA6 /* file_icon.png */; };
		706EA6231855FEEF0043AAA6 /* file_shortcut_background.png in Resources */ = {isa = PBXBuildFile; fileRef = 706EA6201855FEEF0043AAA6 /* file_shortcut_background.png */; };
		706EA641185601F30043AAA6 /* back_btn.png in Resources */ = {isa = PBXBuildFile; fileRef = 706EA625185601F30043AAA6 /* back_btn.png */; };
		706EA642185601F30043AAA6 /* brush_tab.png in Resources */ = {isa = PBXBuildFile; fileRef = 706EA626185601F30043AAA6 /* brush_tab.png */; };
		706EA643185601F30043AAA6 /* dec_line_width.png in Resources */ = {isa = PBXBuildFile; fileRef = 706EA627185601F30043AAA6 /* dec_line_width.png */; };
		706EA644185601F30043AAA6 /* editor_plate.png in Resources */ = {isa = PBXBuildFile; fileRef = 706EA628185601F30043AAA6 /* editor_plate.png */; };
		706EA645185601F30043AAA6 /* editor_state_arrow.png in Resources */ = {isa = PBXBuildFile; fileRef = 706EA629185601F30043AAA6 /* editor_state_arrow.png */; };
		706EA646185601F30043AAA6 /* forward_btn.png in Resources */ = {isa = PBXBuildFile; fileRef = 706EA62A185601F30043AAA6 /* forward_btn.png */; };
		706EA647185601F30043AAA6 /* h1_errors_tab.png in Resources */ = {isa = PBXBuildFile; fileRef = 706EA62B185601F30043AAA6 /* h1_errors_tab.png */; };
		706EA648185601F30043AAA6 /* h1_tab.png in Resources */ = {isa = PBXBuildFile; fileRef = 706EA62C185601F30043AAA6 /* h1_tab.png */; };
		706EA649185601F30043AAA6 /* inc_line_width.png in Resources */ = {isa = PBXBuildFile; fileRef = 706EA62D185601F30043AAA6 /* inc_line_width.png */; };
		706EA64A185601F30043AAA6 /* label_tab.png in Resources */ = {isa = PBXBuildFile; fileRef = 706EA62E185601F30043AAA6 /* label_tab.png */; };
		706EA64B185601F30043AAA6 /* lg_tab.png in Resources */ = {isa = PBXBuildFile; fileRef = 706EA62F185601F30043AAA6 /* lg_tab.png */; };
		706EA64C185601F30043AAA6 /* line_cell.png in Resources */ = {isa = PBXBuildFile; fileRef = 706EA630185601F30043AAA6 /* line_cell.png */; };
		706EA64D185601F30043AAA6 /* line_style_tab.png in Resources */ = {isa = PBXBuildFile; fileRef = 706EA631185601F30043AAA6 /* line_style_tab.png */; };
		706EA64E185601F30043AAA6 /* line_width_bkn.png in Resources */ = {isa = PBXBuildFile; fileRef = 706EA632185601F30043AAA6 /* line_width_bkn.png */; };
		706EA64F185601F30043AAA6 /* minus_btn.png in Resources */ = {isa = PBXBuildFile; fileRef = 706EA633185601F30043AAA6 /* minus_btn.png */; };
		706EA650185601F30043AAA6 /* plus_btn.png in Resources */ = {isa = PBXBuildFile; fileRef = 706EA634185601F30043AAA6 /* plus_btn.png */; };
		706EA651185601F30043AAA6 /* separator.png in Resources */ = {isa = PBXBuildFile; fileRef = 706EA635185601F30043AAA6 /* separator.png */; };
		706EA652185601F30043AAA6 /* text_cell_bkn.png in Resources */ = {isa = PBXBuildFile; fileRef = 706EA636185601F30043AAA6 /* text_cell_bkn.png */; };
		706EA653185601F30043AAA6 /* ticks_tab.png in Resources */ = {isa = PBXBuildFile; fileRef = 706EA637185601F30043AAA6 /* ticks_tab.png */; };
		706EA654185601F30043AAA6 /* title_tab.png in Resources */ = {isa = PBXBuildFile; fileRef = 706EA638185601F30043AAA6 /* title_tab.png */; };
		706EA655185601F30043AAA6 /* bar-background.png in Resources */ = {isa = PBXBuildFile; fileRef = 706EA63A185601F30043AAA6 /* bar-background.png */; };
		706EA656185601F30043AAA6 /* bar-highlight.png in Resources */ = {isa = PBXBuildFile; fileRef = 706EA63B185601F30043AAA6 /* bar-highlight.png */; };
		706EA657185601F30043AAA6 /* handle-hover.png in Resources */ = {isa = PBXBuildFile; fileRef = 706EA63C185601F30043AAA6 /* handle-hover.png */; };
		706EA658185601F30043AAA6 /* handle.png in Resources */ = {isa = PBXBuildFile; fileRef = 706EA63D185601F30043AAA6 /* handle.png */; };
		706EA659185601F30043AAA6 /* picker_arrow.png in Resources */ = {isa = PBXBuildFile; fileRef = 706EA63E185601F30043AAA6 /* picker_arrow.png */; };
		706EA65A185601F30043AAA6 /* picker_bkn.png in Resources */ = {isa = PBXBuildFile; fileRef = 706EA63F185601F30043AAA6 /* picker_bkn.png */; };
		706EA65B185601F30043AAA6 /* picker_frame_bkn.png in Resources */ = {isa = PBXBuildFile; fileRef = 706EA640185601F30043AAA6 /* picker_frame_bkn.png */; };
		7077901E13FE50EB00C0FFA1 /* UIKit.framework in Frameworks */ = {isa = PBXBuildFile; fileRef = 7077901D13FE50EB00C0FFA1 /* UIKit.framework */; };
		7077902013FE50EB00C0FFA1 /* Foundation.framework in Frameworks */ = {isa = PBXBuildFile; fileRef = 7077901F13FE50EB00C0FFA1 /* Foundation.framework */; };
		7077902213FE50EB00C0FFA1 /* CoreGraphics.framework in Frameworks */ = {isa = PBXBuildFile; fileRef = 7077902113FE50EB00C0FFA1 /* CoreGraphics.framework */; };
		7077902813FE50EB00C0FFA1 /* InfoPlist.strings in Resources */ = {isa = PBXBuildFile; fileRef = 7077902613FE50EB00C0FFA1 /* InfoPlist.strings */; };
		7077908E13FE972D00C0FFA1 /* QuartzCore.framework in Frameworks */ = {isa = PBXBuildFile; fileRef = 7077908D13FE972D00C0FFA1 /* QuartzCore.framework */; };
		7077909013FE973A00C0FFA1 /* CoreText.framework in Frameworks */ = {isa = PBXBuildFile; fileRef = 7077908F13FE973A00C0FFA1 /* CoreText.framework */; };
		7095949C13FE978400B9E8B6 /* libRoot.a in Frameworks */ = {isa = PBXBuildFile; fileRef = 7095949813FE978400B9E8B6 /* libRoot.a */; };
		7095949D13FE978400B9E8B6 /* libfreetype.a in Frameworks */ = {isa = PBXBuildFile; fileRef = 7095949913FE978400B9E8B6 /* libfreetype.a */; };
		7095949E13FE978400B9E8B6 /* liblzma.a in Frameworks */ = {isa = PBXBuildFile; fileRef = 7095949A13FE978400B9E8B6 /* liblzma.a */; };
		7095949F13FE978400B9E8B6 /* libpcre.a in Frameworks */ = {isa = PBXBuildFile; fileRef = 7095949B13FE978400B9E8B6 /* libpcre.a */; };
		709594A213FE978C00B9E8B6 /* libz.dylib in Frameworks */ = {isa = PBXBuildFile; fileRef = 709594A113FE978C00B9E8B6 /* libz.dylib */; };
		709594A513FE97AF00B9E8B6 /* system.rootrc in Resources */ = {isa = PBXBuildFile; fileRef = 709594A313FE97AF00B9E8B6 /* system.rootrc */; };
		709594A613FE97AF00B9E8B6 /* system.plugins-ios in Resources */ = {isa = PBXBuildFile; fileRef = 709594A413FE97AF00B9E8B6 /* system.plugins-ios */; };
		709CD05314025148005B2AF4 /* demos.root in Resources */ = {isa = PBXBuildFile; fileRef = 709CD05214025148005B2AF4 /* demos.root */; };
/* End PBXBuildFile section */

/* Begin PBXFileReference section */
		7025582E1856060E00403763 /* Browser_iPad.storyboard */ = {isa = PBXFileReference; fileEncoding = 4; lastKnownFileType = file.storyboard; path = Browser_iPad.storyboard; sourceTree = "<group>"; };
		70360B19142C7AC6001F77E1 /* MessageUI.framework */ = {isa = PBXFileReference; lastKnownFileType = wrapper.framework; name = MessageUI.framework; path = System/Library/Frameworks/MessageUI.framework; sourceTree = SDKROOT; };
		706EA5401855F5290043AAA6 /* main.mm */ = {isa = PBXFileReference; fileEncoding = 4; lastKnownFileType = sourcecode.cpp.objcpp; path = main.mm; sourceTree = "<group>"; };
		706EA5411855F5290043AAA6 /* root_browserAppDelegate.h */ = {isa = PBXFileReference; fileEncoding = 4; lastKnownFileType = sourcecode.c.h; path = root_browserAppDelegate.h; sourceTree = "<group>"; };
		706EA5421855F5290043AAA6 /* root_browserAppDelegate.mm */ = {isa = PBXFileReference; fileEncoding = 4; lastKnownFileType = sourcecode.cpp.objcpp; path = root_browserAppDelegate.mm; sourceTree = "<group>"; };
		706EA5541855F6DA0043AAA6 /* HorizontalPickerDelegate.h */ = {isa = PBXFileReference; fileEncoding = 4; lastKnownFileType = sourcecode.c.h; path = HorizontalPickerDelegate.h; sourceTree = "<group>"; };
		706EA5551855F6DA0043AAA6 /* HorizontalPickerView.h */ = {isa = PBXFileReference; fileEncoding = 4; lastKnownFileType = sourcecode.c.h; path = HorizontalPickerView.h; sourceTree = "<group>"; };
		706EA5561855F6DA0043AAA6 /* HorizontalPickerView.mm */ = {isa = PBXFileReference; fileEncoding = 4; lastKnownFileType = sourcecode.cpp.objcpp; path = HorizontalPickerView.mm; sourceTree = "<group>"; };
		706EA5571855F6DA0043AAA6 /* RangeSlider.h */ = {isa = PBXFileReference; fileEncoding = 4; lastKnownFileType = sourcecode.c.h; path = RangeSlider.h; sourceTree = "<group>"; };
		706EA5581855F6DA0043AAA6 /* RangeSlider.mm */ = {isa = PBXFileReference; fileEncoding = 4; lastKnownFileType = sourcecode.cpp.objcpp; path = RangeSlider.mm; sourceTree = "<group>"; };
		706EA5591855F6DA0043AAA6 /* ScrollViewWithPickers.h */ = {isa = PBXFileReference; fileEncoding = 4; lastKnownFileType = sourcecode.c.h; path = ScrollViewWithPickers.h; sourceTree = "<group>"; };
		706EA55A1855F6DA0043AAA6 /* ScrollViewWithPickers.mm */ = {isa = PBXFileReference; fileEncoding = 4; lastKnownFileType = sourcecode.cpp.objcpp; path = ScrollViewWithPickers.mm; sourceTree = "<group>"; };
		706EA55B1855F6DA0043AAA6 /* TransparentToolbar.h */ = {isa = PBXFileReference; fileEncoding = 4; lastKnownFileType = sourcecode.c.h; path = TransparentToolbar.h; sourceTree = "<group>"; };
		706EA55C1855F6DA0043AAA6 /* TransparentToolbar.m */ = {isa = PBXFileReference; fileEncoding = 4; lastKnownFileType = sourcecode.c.objc; path = TransparentToolbar.m; sourceTree = "<group>"; };
		706EA5641855F7E50043AAA6 /* FileShortcutView.h */ = {isa = PBXFileReference; fileEncoding = 4; lastKnownFileType = sourcecode.c.h; path = FileShortcutView.h; sourceTree = "<group>"; };
		706EA5651855F7E50043AAA6 /* FileShortcutView.mm */ = {isa = PBXFileReference; fileEncoding = 4; lastKnownFileType = sourcecode.cpp.objcpp; path = FileShortcutView.mm; sourceTree = "<group>"; };
		706EA5661855F7E50043AAA6 /* ObjectShortcutView.h */ = {isa = PBXFileReference; fileEncoding = 4; lastKnownFileType = sourcecode.c.h; path = ObjectShortcutView.h; sourceTree = "<group>"; };
		706EA5671855F7E50043AAA6 /* ObjectShortcutView.mm */ = {isa = PBXFileReference; fileEncoding = 4; lastKnownFileType = sourcecode.cpp.objcpp; path = ObjectShortcutView.mm; sourceTree = "<group>"; };
		706EA5681855F7E50043AAA6 /* PadEditorScrollView.h */ = {isa = PBXFileReference; fileEncoding = 4; lastKnownFileType = sourcecode.c.h; path = PadEditorScrollView.h; sourceTree = "<group>"; };
		706EA5691855F7E50043AAA6 /* PadEditorScrollView.mm */ = {isa = PBXFileReference; fileEncoding = 4; lastKnownFileType = sourcecode.cpp.objcpp; path = PadEditorScrollView.mm; sourceTree = "<group>"; };
		706EA56A1855F7E50043AAA6 /* PadScrollView.h */ = {isa = PBXFileReference; fileEncoding = 4; lastKnownFileType = sourcecode.c.h; path = PadScrollView.h; sourceTree = "<group>"; };
		706EA56B1855F7E50043AAA6 /* PadScrollView.mm */ = {isa = PBXFileReference; fileEncoding = 4; lastKnownFileType = sourcecode.cpp.objcpp; path = PadScrollView.mm; sourceTree = "<group>"; };
		706EA56C1855F7E50043AAA6 /* PadSelectionView.h */ = {isa = PBXFileReference; fileEncoding = 4; lastKnownFileType = sourcecode.c.h; path = PadSelectionView.h; sourceTree = "<group>"; };
		706EA56D1855F7E50043AAA6 /* PadSelectionView.mm */ = {isa = PBXFileReference; fileEncoding = 4; lastKnownFileType = sourcecode.cpp.objcpp; path = PadSelectionView.mm; sourceTree = "<group>"; };
		706EA56E1855F7E50043AAA6 /* PadSlideView.h */ = {isa = PBXFileReference; fileEncoding = 4; lastKnownFileType = sourcecode.c.h; path = PadSlideView.h; sourceTree = "<group>"; };
		706EA56F1855F7E50043AAA6 /* PadSlideView.mm */ = {isa = PBXFileReference; fileEncoding = 4; lastKnownFileType = sourcecode.cpp.objcpp; path = PadSlideView.mm; sourceTree = "<group>"; };
		706EA5701855F7E50043AAA6 /* PadView.h */ = {isa = PBXFileReference; fileEncoding = 4; lastKnownFileType = sourcecode.c.h; path = PadView.h; sourceTree = "<group>"; };
		706EA5711855F7E50043AAA6 /* PadView.mm */ = {isa = PBXFileReference; fileEncoding = 4; lastKnownFileType = sourcecode.cpp.objcpp; path = PadView.mm; sourceTree = "<group>"; };
		706EA5721855F7E50043AAA6 /* SpotObjectView.h */ = {isa = PBXFileReference; fileEncoding = 4; lastKnownFileType = sourcecode.c.h; path = SpotObjectView.h; sourceTree = "<group>"; };
		706EA5731855F7E50043AAA6 /* SpotObjectView.mm */ = {isa = PBXFileReference; fileEncoding = 4; lastKnownFileType = sourcecode.cpp.objcpp; path = SpotObjectView.mm; sourceTree = "<group>"; };
		706EA57C1855F8570043AAA6 /* FileContainerElement.h */ = {isa = PBXFileReference; fileEncoding = 4; lastKnownFileType = sourcecode.c.h; path = FileContainerElement.h; sourceTree = "<group>"; };
		706EA57D1855F8570043AAA6 /* FileContainerElement.mm */ = {isa = PBXFileReference; fileEncoding = 4; lastKnownFileType = sourcecode.cpp.objcpp; path = FileContainerElement.mm; sourceTree = "<group>"; };
		706EA57F1855F8CC0043AAA6 /* FileCollectionViewController.mm */ = {isa = PBXFileReference; fileEncoding = 4; lastKnownFileType = sourcecode.cpp.objcpp; path = FileCollectionViewController.mm; sourceTree = "<group>"; };
		706EA5801855F8CC0043AAA6 /* FileCollectionViewController.h */ = {isa = PBXFileReference; fileEncoding = 4; lastKnownFileType = sourcecode.c.h; path = FileCollectionViewController.h; sourceTree = "<group>"; };
		706EA5811855F8CC0043AAA6 /* FileContentViewController.mm */ = {isa = PBXFileReference; fileEncoding = 4; lastKnownFileType = sourcecode.cpp.objcpp; path = FileContentViewController.mm; sourceTree = "<group>"; };
		706EA5821855F8CC0043AAA6 /* ObjectViewController.mm */ = {isa = PBXFileReference; fileEncoding = 4; lastKnownFileType = sourcecode.cpp.objcpp; path = ObjectViewController.mm; sourceTree = "<group>"; };
		706EA5831855F8CC0043AAA6 /* FileContentViewController.h */ = {isa = PBXFileReference; fileEncoding = 4; lastKnownFileType = sourcecode.c.h; path = FileContentViewController.h; sourceTree = "<group>"; };
		706EA5841855F8CC0043AAA6 /* SlideshowViewController.mm */ = {isa = PBXFileReference; fileEncoding = 4; lastKnownFileType = sourcecode.cpp.objcpp; path = SlideshowViewController.mm; sourceTree = "<group>"; };
		706EA5851855F8CC0043AAA6 /* SearchViewController.h */ = {isa = PBXFileReference; fileEncoding = 4; lastKnownFileType = sourcecode.c.h; path = SearchViewController.h; sourceTree = "<group>"; };
		706EA5861855F8CC0043AAA6 /* SearchViewController.mm */ = {isa = PBXFileReference; fileEncoding = 4; lastKnownFileType = sourcecode.cpp.objcpp; path = SearchViewController.mm; sourceTree = "<group>"; };
		706EA5871855F8CC0043AAA6 /* SlideshowViewController.h */ = {isa = PBXFileReference; fileEncoding = 4; lastKnownFileType = sourcecode.c.h; path = SlideshowViewController.h; sourceTree = "<group>"; };
		706EA5881855F8CC0043AAA6 /* ObjectViewController.h */ = {isa = PBXFileReference; fileEncoding = 4; lastKnownFileType = sourcecode.c.h; path = ObjectViewController.h; sourceTree = "<group>"; };
		706EA5991855FA310043AAA6 /* MainWindow.xib */ = {isa = PBXFileReference; fileEncoding = 4; lastKnownFileType = file.xib; path = MainWindow.xib; sourceTree = "<group>"; };
		706EA59D1855FBA30043AAA6 /* AxisFontInspector.h */ = {isa = PBXFileReference; fileEncoding = 4; lastKnownFileType = sourcecode.c.h; path = AxisFontInspector.h; sourceTree = "<group>"; };
		706EA59E1855FBA30043AAA6 /* AxisFontInspector.mm */ = {isa = PBXFileReference; fileEncoding = 4; lastKnownFileType = sourcecode.cpp.objcpp; path = AxisFontInspector.mm; sourceTree = "<group>"; };
		706EA59F1855FBA30043AAA6 /* AxisInspector.h */ = {isa = PBXFileReference; fileEncoding = 4; lastKnownFileType = sourcecode.c.h; path = AxisInspector.h; sourceTree = "<group>"; };
		706EA5A01855FBA30043AAA6 /* AxisInspector.mm */ = {isa = PBXFileReference; fileEncoding = 4; lastKnownFileType = sourcecode.cpp.objcpp; path = AxisInspector.mm; sourceTree = "<group>"; };
		706EA5A11855FBA30043AAA6 /* AxisLabelsInspector.h */ = {isa = PBXFileReference; fileEncoding = 4; lastKnownFileType = sourcecode.c.h; path = AxisLabelsInspector.h; sourceTree = "<group>"; };
		706EA5A21855FBA30043AAA6 /* AxisLabelsInspector.mm */ = {isa = PBXFileReference; fileEncoding = 4; lastKnownFileType = sourcecode.cpp.objcpp; path = AxisLabelsInspector.mm; sourceTree = "<group>"; };
		706EA5A31855FBA30043AAA6 /* AxisTicksInspector.h */ = {isa = PBXFileReference; fileEncoding = 4; lastKnownFileType = sourcecode.c.h; path = AxisTicksInspector.h; sourceTree = "<group>"; };
		706EA5A41855FBA30043AAA6 /* AxisTicksInspector.mm */ = {isa = PBXFileReference; fileEncoding = 4; lastKnownFileType = sourcecode.cpp.objcpp; path = AxisTicksInspector.mm; sourceTree = "<group>"; };
		706EA5A51855FBA30043AAA6 /* AxisTitleInspector.h */ = {isa = PBXFileReference; fileEncoding = 4; lastKnownFileType = sourcecode.c.h; path = AxisTitleInspector.h; sourceTree = "<group>"; };
		706EA5A61855FBA30043AAA6 /* AxisTitleInspector.mm */ = {isa = PBXFileReference; fileEncoding = 4; lastKnownFileType = sourcecode.cpp.objcpp; path = AxisTitleInspector.mm; sourceTree = "<group>"; };
		706EA5A71855FBA30043AAA6 /* FilledAreaInspector.h */ = {isa = PBXFileReference; fileEncoding = 4; lastKnownFileType = sourcecode.c.h; path = FilledAreaInspector.h; sourceTree = "<group>"; };
		706EA5A81855FBA30043AAA6 /* FilledAreaInspector.mm */ = {isa = PBXFileReference; fileEncoding = 4; lastKnownFileType = sourcecode.cpp.objcpp; path = FilledAreaInspector.mm; sourceTree = "<group>"; };
		706EA5A91855FBA30043AAA6 /* H1BinsInspector.h */ = {isa = PBXFileReference; fileEncoding = 4; lastKnownFileType = sourcecode.c.h; path = H1BinsInspector.h; sourceTree = "<group>"; };
		706EA5AA1855FBA30043AAA6 /* H1BinsInspector.mm */ = {isa = PBXFileReference; fileEncoding = 4; lastKnownFileType = sourcecode.cpp.objcpp; path = H1BinsInspector.mm; sourceTree = "<group>"; };
		706EA5AB1855FBA30043AAA6 /* H1ErrorsInspector.h */ = {isa = PBXFileReference; fileEncoding = 4; lastKnownFileType = sourcecode.c.h; path = H1ErrorsInspector.h; sourceTree = "<group>"; };
		706EA5AC1855FBA30043AAA6 /* H1ErrorsInspector.mm */ = {isa = PBXFileReference; fileEncoding = 4; lastKnownFileType = sourcecode.cpp.objcpp; path = H1ErrorsInspector.mm; sourceTree = "<group>"; };
		706EA5AD1855FBA30043AAA6 /* H1Inspector.h */ = {isa = PBXFileReference; fileEncoding = 4; lastKnownFileType = sourcecode.c.h; path = H1Inspector.h; sourceTree = "<group>"; };
		706EA5AE1855FBA30043AAA6 /* H1Inspector.mm */ = {isa = PBXFileReference; fileEncoding = 4; lastKnownFileType = sourcecode.cpp.objcpp; path = H1Inspector.mm; sourceTree = "<group>"; };
		706EA5AF1855FBA30043AAA6 /* InspectorWithNavigation.h */ = {isa = PBXFileReference; fileEncoding = 4; lastKnownFileType = sourcecode.c.h; path = InspectorWithNavigation.h; sourceTree = "<group>"; };
		706EA5B01855FBA30043AAA6 /* InspectorWithNavigation.mm */ = {isa = PBXFileReference; fileEncoding = 4; lastKnownFileType = sourcecode.cpp.objcpp; path = InspectorWithNavigation.mm; sourceTree = "<group>"; };
		706EA5B11855FBA30043AAA6 /* LineInspector.h */ = {isa = PBXFileReference; fileEncoding = 4; lastKnownFileType = sourcecode.c.h; path = LineInspector.h; sourceTree = "<group>"; };
		706EA5B21855FBA30043AAA6 /* LineInspector.mm */ = {isa = PBXFileReference; fileEncoding = 4; lastKnownFileType = sourcecode.cpp.objcpp; path = LineInspector.mm; sourceTree = "<group>"; };
		706EA5B31855FBA30043AAA6 /* MarkerInspector.h */ = {isa = PBXFileReference; fileEncoding = 4; lastKnownFileType = sourcecode.c.h; path = MarkerInspector.h; sourceTree = "<group>"; };
		706EA5B41855FBA30043AAA6 /* MarkerInspector.mm */ = {isa = PBXFileReference; fileEncoding = 4; lastKnownFileType = sourcecode.cpp.objcpp; path = MarkerInspector.mm; sourceTree = "<group>"; };
		706EA5B51855FBA30043AAA6 /* ObjectInspector.h */ = {isa = PBXFileReference; fileEncoding = 4; lastKnownFileType = sourcecode.c.h; path = ObjectInspector.h; sourceTree = "<group>"; };
		706EA5B61855FBA30043AAA6 /* ObjectInspector.mm */ = {isa = PBXFileReference; fileEncoding = 4; lastKnownFileType = sourcecode.cpp.objcpp; path = ObjectInspector.mm; sourceTree = "<group>"; };
		706EA5B71855FBA30043AAA6 /* ObjectInspectorComponent.h */ = {isa = PBXFileReference; fileEncoding = 4; lastKnownFileType = sourcecode.c.h; path = ObjectInspectorComponent.h; sourceTree = "<group>"; };
		706EA5B81855FBA30043AAA6 /* PadInspector.h */ = {isa = PBXFileReference; fileEncoding = 4; lastKnownFileType = sourcecode.c.h; path = PadInspector.h; sourceTree = "<group>"; };
		706EA5B91855FBA30043AAA6 /* PadInspector.mm */ = {isa = PBXFileReference; fileEncoding = 4; lastKnownFileType = sourcecode.cpp.objcpp; path = PadInspector.mm; sourceTree = "<group>"; };
		706EA5BA1855FBA30043AAA6 /* PadLogScaleInspector.h */ = {isa = PBXFileReference; fileEncoding = 4; lastKnownFileType = sourcecode.c.h; path = PadLogScaleInspector.h; sourceTree = "<group>"; };
		706EA5BB1855FBA30043AAA6 /* PadLogScaleInspector.mm */ = {isa = PBXFileReference; fileEncoding = 4; lastKnownFileType = sourcecode.cpp.objcpp; path = PadLogScaleInspector.mm; sourceTree = "<group>"; };
		706EA5BC1855FBA30043AAA6 /* PadTicksGridInspector.h */ = {isa = PBXFileReference; fileEncoding = 4; lastKnownFileType = sourcecode.c.h; path = PadTicksGridInspector.h; sourceTree = "<group>"; };
		706EA5BD1855FBA30043AAA6 /* PadTicksGridInspector.mm */ = {isa = PBXFileReference; fileEncoding = 4; lastKnownFileType = sourcecode.cpp.objcpp; path = PadTicksGridInspector.mm; sourceTree = "<group>"; };
		706EA5D01855FC5B0043AAA6 /* ColorCell.h */ = {isa = PBXFileReference; fileEncoding = 4; lastKnownFileType = sourcecode.c.h; path = ColorCell.h; sourceTree = "<group>"; };
		706EA5D11855FC5B0043AAA6 /* ColorCell.mm */ = {isa = PBXFileReference; fileEncoding = 4; lastKnownFileType = sourcecode.cpp.objcpp; path = ColorCell.mm; sourceTree = "<group>"; };
		706EA5D21855FC5B0043AAA6 /* EditorPlateView.h */ = {isa = PBXFileReference; fileEncoding = 4; lastKnownFileType = sourcecode.c.h; path = EditorPlateView.h; sourceTree = "<group>"; };
		706EA5D31855FC5B0043AAA6 /* EditorPlateView.mm */ = {isa = PBXFileReference; fileEncoding = 4; lastKnownFileType = sourcecode.cpp.objcpp; path = EditorPlateView.mm; sourceTree = "<group>"; };
		706EA5D41855FC5B0043AAA6 /* EditorView.h */ = {isa = PBXFileReference; fileEncoding = 4; lastKnownFileType = sourcecode.c.h; path = EditorView.h; sourceTree = "<group>"; };
		706EA5D51855FC5B0043AAA6 /* EditorView.mm */ = {isa = PBXFileReference; fileEncoding = 4; lastKnownFileType = sourcecode.cpp.objcpp; path = EditorView.mm; sourceTree = "<group>"; };
		706EA5D61855FC5B0043AAA6 /* LineStyleCell.h */ = {isa = PBXFileReference; fileEncoding = 4; lastKnownFileType = sourcecode.c.h; path = LineStyleCell.h; sourceTree = "<group>"; };
		706EA5D71855FC5B0043AAA6 /* LineStyleCell.mm */ = {isa = PBXFileReference; fileEncoding = 4; lastKnownFileType = sourcecode.cpp.objcpp; path = LineStyleCell.mm; sourceTree = "<group>"; };
		706EA5D81855FC5B0043AAA6 /* LineWidthCell.h */ = {isa = PBXFileReference; fileEncoding = 4; lastKnownFileType = sourcecode.c.h; path = LineWidthCell.h; sourceTree = "<group>"; };
		706EA5D91855FC5B0043AAA6 /* LineWidthCell.mm */ = {isa = PBXFileReference; fileEncoding = 4; lastKnownFileType = sourcecode.cpp.objcpp; path = LineWidthCell.mm; sourceTree = "<group>"; };
		706EA5DA1855FC5B0043AAA6 /* LineWidthPicker.h */ = {isa = PBXFileReference; fileEncoding = 4; lastKnownFileType = sourcecode.c.h; path = LineWidthPicker.h; sourceTree = "<group>"; };
		706EA5DB1855FC5B0043AAA6 /* LineWidthPicker.mm */ = {isa = PBXFileReference; fileEncoding = 4; lastKnownFileType = sourcecode.cpp.objcpp; path = LineWidthPicker.mm; sourceTree = "<group>"; };
		706EA5DC1855FC5B0043AAA6 /* MarkerStyleCell.h */ = {isa = PBXFileReference; fileEncoding = 4; lastKnownFileType = sourcecode.c.h; path = MarkerStyleCell.h; sourceTree = "<group>"; };
		706EA5DD1855FC5B0043AAA6 /* MarkerStyleCell.mm */ = {isa = PBXFileReference; fileEncoding = 4; lastKnownFileType = sourcecode.cpp.objcpp; path = MarkerStyleCell.mm; sourceTree = "<group>"; };
		706EA5DE1855FC5B0043AAA6 /* PatternCell.h */ = {isa = PBXFileReference; fileEncoding = 4; lastKnownFileType = sourcecode.c.h; path = PatternCell.h; sourceTree = "<group>"; };
		706EA5DF1855FC5B0043AAA6 /* PatternCell.mm */ = {isa = PBXFileReference; fileEncoding = 4; lastKnownFileType = sourcecode.cpp.objcpp; path = PatternCell.mm; sourceTree = "<group>"; };
		706EA5E91855FD320043AAA6 /* AxisFontInspector.xib */ = {isa = PBXFileReference; fileEncoding = 4; lastKnownFileType = file.xib; path = AxisFontInspector.xib; sourceTree = "<group>"; };
		706EA5EA1855FD320043AAA6 /* AxisInspector.xib */ = {isa = PBXFileReference; fileEncoding = 4; lastKnownFileType = file.xib; path = AxisInspector.xib; sourceTree = "<group>"; };
		706EA5EB1855FD320043AAA6 /* AxisLabelsInspector.xib */ = {isa = PBXFileReference; fileEncoding = 4; lastKnownFileType = file.xib; path = AxisLabelsInspector.xib; sourceTree = "<group>"; };
		706EA5EC1855FD320043AAA6 /* AxisTicksInspector.xib */ = {isa = PBXFileReference; fileEncoding = 4; lastKnownFileType = file.xib; path = AxisTicksInspector.xib; sourceTree = "<group>"; };
		706EA5ED1855FD320043AAA6 /* AxisTitleInspector.xib */ = {isa = PBXFileReference; fileEncoding = 4; lastKnownFileType = file.xib; path = AxisTitleInspector.xib; sourceTree = "<group>"; };
		706EA5EE1855FD320043AAA6 /* FilledAreaInspector.xib */ = {isa = PBXFileReference; fileEncoding = 4; lastKnownFileType = file.xib; path = FilledAreaInspector.xib; sourceTree = "<group>"; };
		706EA5EF1855FD320043AAA6 /* H1BinsInspector.xib */ = {isa = PBXFileReference; fileEncoding = 4; lastKnownFileType = file.xib; path = H1BinsInspector.xib; sourceTree = "<group>"; };
		706EA5F01855FD320043AAA6 /* H1ErrorsInspector.xib */ = {isa = PBXFileReference; fileEncoding = 4; lastKnownFileType = file.xib; path = H1ErrorsInspector.xib; sourceTree = "<group>"; };
		706EA5F11855FD320043AAA6 /* H1Inspector.xib */ = {isa = PBXFileReference; fileEncoding = 4; lastKnownFileType = file.xib; path = H1Inspector.xib; sourceTree = "<group>"; };
		706EA5F21855FD320043AAA6 /* LineInspector.xib */ = {isa = PBXFileReference; fileEncoding = 4; lastKnownFileType = file.xib; path = LineInspector.xib; sourceTree = "<group>"; };
		706EA5F31855FD320043AAA6 /* MarkerInspector.xib */ = {isa = PBXFileReference; fileEncoding = 4; lastKnownFileType = file.xib; path = MarkerInspector.xib; sourceTree = "<group>"; };
		706EA5F41855FD320043AAA6 /* PadInspector.xib */ = {isa = PBXFileReference; fileEncoding = 4; lastKnownFileType = file.xib; path = PadInspector.xib; sourceTree = "<group>"; };
		706EA5F51855FD320043AAA6 /* PadLogScaleInspector.xib */ = {isa = PBXFileReference; fileEncoding = 4; lastKnownFileType = file.xib; path = PadLogScaleInspector.xib; sourceTree = "<group>"; };
		706EA5F61855FD320043AAA6 /* PadTicksGridInspector.xib */ = {isa = PBXFileReference; fileEncoding = 4; lastKnownFileType = file.xib; path = PadTicksGridInspector.xib; sourceTree = "<group>"; };
		706EA6061855FDEB0043AAA6 /* Constants.h */ = {isa = PBXFileReference; fileEncoding = 4; lastKnownFileType = sourcecode.c.h; path = Constants.h; sourceTree = "<group>"; };
		706EA6071855FDEB0043AAA6 /* Constants.mm */ = {isa = PBXFileReference; fileEncoding = 4; lastKnownFileType = sourcecode.cpp.objcpp; path = Constants.mm; sourceTree = "<group>"; };
		706EA6081855FDEB0043AAA6 /* FileUtils.h */ = {isa = PBXFileReference; fileEncoding = 4; lastKnownFileType = sourcecode.c.h; path = FileUtils.h; sourceTree = "<group>"; };
		706EA6091855FDEB0043AAA6 /* FileUtils.mm */ = {isa = PBXFileReference; fileEncoding = 4; lastKnownFileType = sourcecode.cpp.objcpp; path = FileUtils.mm; sourceTree = "<group>"; };
		706EA60A1855FDEB0043AAA6 /* Shortcuts.h */ = {isa = PBXFileReference; fileEncoding = 4; lastKnownFileType = sourcecode.c.h; path = Shortcuts.h; sourceTree = "<group>"; };
		706EA60B1855FDEB0043AAA6 /* Shortcuts.mm */ = {isa = PBXFileReference; fileEncoding = 4; lastKnownFileType = sourcecode.cpp.objcpp; path = Shortcuts.mm; sourceTree = "<group>"; };
		706EA6111855FE610043AAA6 /* app_icon.png */ = {isa = PBXFileReference; lastKnownFileType = image.png; path = app_icon.png; sourceTree = "<group>"; };
		706EA6121855FE610043AAA6 /* Default-Landscape.png */ = {isa = PBXFileReference; lastKnownFileType = image.png; path = "Default-Landscape.png"; sourceTree = "<group>"; };
		706EA6131855FE610043AAA6 /* Default-LandscapeLeft.png */ = {isa = PBXFileReference; lastKnownFileType = image.png; path = "Default-LandscapeLeft.png"; sourceTree = "<group>"; };
		706EA6141855FE610043AAA6 /* Default-LandscapeRight.png */ = {isa = PBXFileReference; lastKnownFileType = image.png; path = "Default-LandscapeRight.png"; sourceTree = "<group>"; };
		706EA6151855FE610043AAA6 /* Default-Portrait.png */ = {isa = PBXFileReference; lastKnownFileType = image.png; path = "Default-Portrait.png"; sourceTree = "<group>"; };
		706EA6161855FE610043AAA6 /* Default-PortraitUpsideDown.png */ = {isa = PBXFileReference; lastKnownFileType = image.png; path = "Default-PortraitUpsideDown.png"; sourceTree = "<group>"; };
		706EA61E1855FEEF0043AAA6 /* directory.png */ = {isa = PBXFileReference; lastKnownFileType = image.png; path = directory.png; sourceTree = "<group>"; };
		706EA61F1855FEEF0043AAA6 /* file_icon.png */ = {isa = PBXFileReference; lastKnownFileType = image.png; path = file_icon.png; sourceTree = "<group>"; };
		706EA6201855FEEF0043AAA6 /* file_shortcut_background.png */ = {isa = PBXFileReference; lastKnownFileType = image.png; path = file_shortcut_background.png; sourceTree = "<group>"; };
		706EA625185601F30043AAA6 /* back_btn.png */ = {isa = PBXFileReference; lastKnownFileType = image.png; path = back_btn.png; sourceTree = "<group>"; };
		706EA626185601F30043AAA6 /* brush_tab.png */ = {isa = PBXFileReference; lastKnownFileType = image.png; path = brush_tab.png; sourceTree = "<group>"; };
		706EA627185601F30043AAA6 /* dec_line_width.png */ = {isa = PBXFileReference; lastKnownFileType = image.png; path = dec_line_width.png; sourceTree = "<group>"; };
		706EA628185601F30043AAA6 /* editor_plate.png */ = {isa = PBXFileReference; lastKnownFileType = image.png; path = editor_plate.png; sourceTree = "<group>"; };
		706EA629185601F30043AAA6 /* editor_state_arrow.png */ = {isa = PBXFileReference; lastKnownFileType = image.png; path = editor_state_arrow.png; sourceTree = "<group>"; };
		706EA62A185601F30043AAA6 /* forward_btn.png */ = {isa = PBXFileReference; lastKnownFileType = image.png; path = forward_btn.png; sourceTree = "<group>"; };
		706EA62B185601F30043AAA6 /* h1_errors_tab.png */ = {isa = PBXFileReference; lastKnownFileType = image.png; path = h1_errors_tab.png; sourceTree = "<group>"; };
		706EA62C185601F30043AAA6 /* h1_tab.png */ = {isa = PBXFileReference; lastKnownFileType = image.png; path = h1_tab.png; sourceTree = "<group>"; };
		706EA62D185601F30043AAA6 /* inc_line_width.png */ = {isa = PBXFileReference; lastKnownFileType = image.png; path = inc_line_width.png; sourceTree = "<group>"; };
		706EA62E185601F30043AAA6 /* label_tab.png */ = {isa = PBXFileReference; lastKnownFileType = image.png; path = label_tab.png; sourceTree = "<group>"; };
		706EA62F185601F30043AAA6 /* lg_tab.png */ = {isa = PBXFileReference; lastKnownFileType = image.png; path = lg_tab.png; sourceTree = "<group>"; };
		706EA630185601F30043AAA6 /* line_cell.png */ = {isa = PBXFileReference; lastKnownFileType = image.png; path = line_cell.png; sourceTree = "<group>"; };
		706EA631185601F30043AAA6 /* line_style_tab.png */ = {isa = PBXFileReference; lastKnownFileType = image.png; path = line_style_tab.png; sourceTree = "<group>"; };
		706EA632185601F30043AAA6 /* line_width_bkn.png */ = {isa = PBXFileReference; lastKnownFileType = image.png; path = line_width_bkn.png; sourceTree = "<group>"; };
		706EA633185601F30043AAA6 /* minus_btn.png */ = {isa = PBXFileReference; lastKnownFileType = image.png; path = minus_btn.png; sourceTree = "<group>"; };
		706EA634185601F30043AAA6 /* plus_btn.png */ = {isa = PBXFileReference; lastKnownFileType = image.png; path = plus_btn.png; sourceTree = "<group>"; };
		706EA635185601F30043AAA6 /* separator.png */ = {isa = PBXFileReference; lastKnownFileType = image.png; path = separator.png; sourceTree = "<group>"; };
		706EA636185601F30043AAA6 /* text_cell_bkn.png */ = {isa = PBXFileReference; lastKnownFileType = image.png; path = text_cell_bkn.png; sourceTree = "<group>"; };
		706EA637185601F30043AAA6 /* ticks_tab.png */ = {isa = PBXFileReference; lastKnownFileType = image.png; path = ticks_tab.png; sourceTree = "<group>"; };
		706EA638185601F30043AAA6 /* title_tab.png */ = {isa = PBXFileReference; lastKnownFileType = image.png; path = title_tab.png; sourceTree = "<group>"; };
		706EA63A185601F30043AAA6 /* bar-background.png */ = {isa = PBXFileReference; lastKnownFileType = image.png; path = "bar-background.png"; sourceTree = "<group>"; };
		706EA63B185601F30043AAA6 /* bar-highlight.png */ = {isa = PBXFileReference; lastKnownFileType = image.png; path = "bar-highlight.png"; sourceTree = "<group>"; };
		706EA63C185601F30043AAA6 /* handle-hover.png */ = {isa = PBXFileReference; lastKnownFileType = image.png; path = "handle-hover.png"; sourceTree = "<group>"; };
		706EA63D185601F30043AAA6 /* handle.png */ = {isa = PBXFileReference; lastKnownFileType = image.png; path = handle.png; sourceTree = "<group>"; };
		706EA63E185601F30043AAA6 /* picker_arrow.png */ = {isa = PBXFileReference; lastKnownFileType = image.png; path = picker_arrow.png; sourceTree = "<group>"; };
		706EA63F185601F30043AAA6 /* picker_bkn.png */ = {isa = PBXFileReference; lastKnownFileType = image.png; path = picker_bkn.png; sourceTree = "<group>"; };
		706EA640185601F30043AAA6 /* picker_frame_bkn.png */ = {isa = PBXFileReference; lastKnownFileType = image.png; path = picker_frame_bkn.png; sourceTree = "<group>"; };
		7077901913FE50EB00C0FFA1 /* RootBrowser.app */ = {isa = PBXFileReference; explicitFileType = wrapper.application; includeInIndex = 0; path = RootBrowser.app; sourceTree = BUILT_PRODUCTS_DIR; };
		7077901D13FE50EB00C0FFA1 /* UIKit.framework */ = {isa = PBXFileReference; lastKnownFileType = wrapper.framework; name = UIKit.framework; path = System/Library/Frameworks/UIKit.framework; sourceTree = SDKROOT; };
		7077901F13FE50EB00C0FFA1 /* Foundation.framework */ = {isa = PBXFileReference; lastKnownFileType = wrapper.framework; name = Foundation.framework; path = System/Library/Frameworks/Foundation.framework; sourceTree = SDKROOT; };
		7077902113FE50EB00C0FFA1 /* CoreGraphics.framework */ = {isa = PBXFileReference; lastKnownFileType = wrapper.framework; name = CoreGraphics.framework; path = System/Library/Frameworks/CoreGraphics.framework; sourceTree = SDKROOT; };
		7077902513FE50EB00C0FFA1 /* root_browser-Info.plist */ = {isa = PBXFileReference; lastKnownFileType = text.plist.xml; path = "root_browser-Info.plist"; sourceTree = "<group>"; };
		7077902713FE50EB00C0FFA1 /* en */ = {isa = PBXFileReference; lastKnownFileType = text.plist.strings; name = en; path = en.lproj/InfoPlist.strings; sourceTree = "<group>"; };
		7077902913FE50EB00C0FFA1 /* RootBrowser-Prefix.pch */ = {isa = PBXFileReference; lastKnownFileType = sourcecode.c.h; path = "RootBrowser-Prefix.pch"; sourceTree = "<group>"; };
		7077908D13FE972D00C0FFA1 /* QuartzCore.framework */ = {isa = PBXFileReference; lastKnownFileType = wrapper.framework; name = QuartzCore.framework; path = System/Library/Frameworks/QuartzCore.framework; sourceTree = SDKROOT; };
		7077908F13FE973A00C0FFA1 /* CoreText.framework */ = {isa = PBXFileReference; lastKnownFileType = wrapper.framework; name = CoreText.framework; path = System/Library/Frameworks/CoreText.framework; sourceTree = SDKROOT; };
		7095949813FE978400B9E8B6 /* libRoot.a */ = {isa = PBXFileReference; lastKnownFileType = archive.ar; name = libRoot.a; path = ../../../lib/libRoot.a; sourceTree = "<group>"; };
		7095949913FE978400B9E8B6 /* libfreetype.a */ = {isa = PBXFileReference; lastKnownFileType = archive.ar; name = libfreetype.a; path = ../../../lib/libfreetype.a; sourceTree = "<group>"; };
		7095949A13FE978400B9E8B6 /* liblzma.a */ = {isa = PBXFileReference; lastKnownFileType = archive.ar; name = liblzma.a; path = ../../../lib/liblzma.a; sourceTree = "<group>"; };
		7095949B13FE978400B9E8B6 /* libpcre.a */ = {isa = PBXFileReference; lastKnownFileType = archive.ar; name = libpcre.a; path = ../../../lib/libpcre.a; sourceTree = "<group>"; };
		709594A113FE978C00B9E8B6 /* libz.dylib */ = {isa = PBXFileReference; lastKnownFileType = "compiled.mach-o.dylib"; name = libz.dylib; path = usr/lib/libz.dylib; sourceTree = SDKROOT; };
		709594A313FE97AF00B9E8B6 /* system.rootrc */ = {isa = PBXFileReference; lastKnownFileType = text; name = system.rootrc; path = ../../../etc/system.rootrc; sourceTree = "<group>"; };
		709594A413FE97AF00B9E8B6 /* system.plugins-ios */ = {isa = PBXFileReference; lastKnownFileType = text; name = "system.plugins-ios"; path = "../../../etc/system.plugins-ios"; sourceTree = "<group>"; };
		709CD05214025148005B2AF4 /* demos.root */ = {isa = PBXFileReference; lastKnownFileType = file; path = demos.root; sourceTree = "<group>"; };
/* End PBXFileReference section */

/* Begin PBXFrameworksBuildPhase section */
		7077901613FE50EB00C0FFA1 /* Frameworks */ = {
			isa = PBXFrameworksBuildPhase;
			buildActionMask = 2147483647;
			files = (
				70360B1A142C7AC6001F77E1 /* MessageUI.framework in Frameworks */,
				709594A213FE978C00B9E8B6 /* libz.dylib in Frameworks */,
				7095949C13FE978400B9E8B6 /* libRoot.a in Frameworks */,
				7095949D13FE978400B9E8B6 /* libfreetype.a in Frameworks */,
				7095949E13FE978400B9E8B6 /* liblzma.a in Frameworks */,
				7095949F13FE978400B9E8B6 /* libpcre.a in Frameworks */,
				7077909013FE973A00C0FFA1 /* CoreText.framework in Frameworks */,
				7077908E13FE972D00C0FFA1 /* QuartzCore.framework in Frameworks */,
				7077901E13FE50EB00C0FFA1 /* UIKit.framework in Frameworks */,
				7077902013FE50EB00C0FFA1 /* Foundation.framework in Frameworks */,
				7077902213FE50EB00C0FFA1 /* CoreGraphics.framework in Frameworks */,
			);
			runOnlyForDeploymentPostprocessing = 0;
		};
/* End PBXFrameworksBuildPhase section */

/* Begin PBXGroup section */
		706EA53E1855F5290043AAA6 /* Src */ = {
			isa = PBXGroup;
			children = (
				706EA6051855FDEB0043AAA6 /* Utils */,
				706EA59B1855FBA30043AAA6 /* ObjectInspector */,
				706EA5611855F7E50043AAA6 /* Browser */,
				706EA5531855F6DA0043AAA6 /* CustomUI */,
				706EA53F1855F5290043AAA6 /* Core */,
			);
			path = Src;
			sourceTree = "<group>";
		};
		706EA53F1855F5290043AAA6 /* Core */ = {
			isa = PBXGroup;
			children = (
				706EA5401855F5290043AAA6 /* main.mm */,
				706EA5411855F5290043AAA6 /* root_browserAppDelegate.h */,
				706EA5421855F5290043AAA6 /* root_browserAppDelegate.mm */,
			);
			path = Core;
			sourceTree = "<group>";
		};
		706EA5531855F6DA0043AAA6 /* CustomUI */ = {
			isa = PBXGroup;
			children = (
				706EA5541855F6DA0043AAA6 /* HorizontalPickerDelegate.h */,
				706EA5551855F6DA0043AAA6 /* HorizontalPickerView.h */,
				706EA5561855F6DA0043AAA6 /* HorizontalPickerView.mm */,
				706EA5571855F6DA0043AAA6 /* RangeSlider.h */,
				706EA5581855F6DA0043AAA6 /* RangeSlider.mm */,
				706EA5591855F6DA0043AAA6 /* ScrollViewWithPickers.h */,
				706EA55A1855F6DA0043AAA6 /* ScrollViewWithPickers.mm */,
				706EA55B1855F6DA0043AAA6 /* TransparentToolbar.h */,
				706EA55C1855F6DA0043AAA6 /* TransparentToolbar.m */,
			);
			path = CustomUI;
			sourceTree = "<group>";
		};
		706EA5611855F7E50043AAA6 /* Browser */ = {
			isa = PBXGroup;
			children = (
				706EA57C1855F8570043AAA6 /* FileContainerElement.h */,
				706EA57D1855F8570043AAA6 /* FileContainerElement.mm */,
				706EA5621855F7E50043AAA6 /* Controllers */,
				706EA5631855F7E50043AAA6 /* Views */,
			);
			path = Browser;
			sourceTree = "<group>";
		};
		706EA5621855F7E50043AAA6 /* Controllers */ = {
			isa = PBXGroup;
			children = (
				706EA57F1855F8CC0043AAA6 /* FileCollectionViewController.mm */,
				706EA5801855F8CC0043AAA6 /* FileCollectionViewController.h */,
				706EA5811855F8CC0043AAA6 /* FileContentViewController.mm */,
				706EA5831855F8CC0043AAA6 /* FileContentViewController.h */,
				706EA5821855F8CC0043AAA6 /* ObjectViewController.mm */,
				706EA5881855F8CC0043AAA6 /* ObjectViewController.h */,
				706EA5841855F8CC0043AAA6 /* SlideshowViewController.mm */,
				706EA5871855F8CC0043AAA6 /* SlideshowViewController.h */,
				706EA5851855F8CC0043AAA6 /* SearchViewController.h */,
				706EA5861855F8CC0043AAA6 /* SearchViewController.mm */,
			);
			path = Controllers;
			sourceTree = "<group>";
		};
		706EA5631855F7E50043AAA6 /* Views */ = {
			isa = PBXGroup;
			children = (
				706EA5641855F7E50043AAA6 /* FileShortcutView.h */,
				706EA5651855F7E50043AAA6 /* FileShortcutView.mm */,
				706EA5661855F7E50043AAA6 /* ObjectShortcutView.h */,
				706EA5671855F7E50043AAA6 /* ObjectShortcutView.mm */,
				706EA5681855F7E50043AAA6 /* PadEditorScrollView.h */,
				706EA5691855F7E50043AAA6 /* PadEditorScrollView.mm */,
				706EA56A1855F7E50043AAA6 /* PadScrollView.h */,
				706EA56B1855F7E50043AAA6 /* PadScrollView.mm */,
				706EA56C1855F7E50043AAA6 /* PadSelectionView.h */,
				706EA56D1855F7E50043AAA6 /* PadSelectionView.mm */,
				706EA56E1855F7E50043AAA6 /* PadSlideView.h */,
				706EA56F1855F7E50043AAA6 /* PadSlideView.mm */,
				706EA5701855F7E50043AAA6 /* PadView.h */,
				706EA5711855F7E50043AAA6 /* PadView.mm */,
				706EA5721855F7E50043AAA6 /* SpotObjectView.h */,
				706EA5731855F7E50043AAA6 /* SpotObjectView.mm */,
			);
			path = Views;
			sourceTree = "<group>";
		};
		706EA58E1855F9AB0043AAA6 /* UI */ = {
			isa = PBXGroup;
			children = (
				706EA5E81855FD320043AAA6 /* ObjectInspector */,
				706EA5981855FA310043AAA6 /* Core */,
				706EA58F1855F9AB0043AAA6 /* Browser */,
			);
			path = UI;
			sourceTree = "<group>";
		};
		706EA58F1855F9AB0043AAA6 /* Browser */ = {
			isa = PBXGroup;
			children = (
				7025582E1856060E00403763 /* Browser_iPad.storyboard */,
			);
			path = Browser;
			sourceTree = "<group>";
		};
		706EA5981855FA310043AAA6 /* Core */ = {
			isa = PBXGroup;
			children = (
				706EA5991855FA310043AAA6 /* MainWindow.xib */,
			);
			path = Core;
			sourceTree = "<group>";
		};
		706EA59B1855FBA30043AAA6 /* ObjectInspector */ = {
			isa = PBXGroup;
			children = (
				706EA5CF1855FC5B0043AAA6 /* Views */,
				706EA59C1855FBA30043AAA6 /* Controllers */,
			);
			path = ObjectInspector;
			sourceTree = "<group>";
		};
		706EA59C1855FBA30043AAA6 /* Controllers */ = {
			isa = PBXGroup;
			children = (
				706EA59D1855FBA30043AAA6 /* AxisFontInspector.h */,
				706EA59E1855FBA30043AAA6 /* AxisFontInspector.mm */,
				706EA59F1855FBA30043AAA6 /* AxisInspector.h */,
				706EA5A01855FBA30043AAA6 /* AxisInspector.mm */,
				706EA5A11855FBA30043AAA6 /* AxisLabelsInspector.h */,
				706EA5A21855FBA30043AAA6 /* AxisLabelsInspector.mm */,
				706EA5A31855FBA30043AAA6 /* AxisTicksInspector.h */,
				706EA5A41855FBA30043AAA6 /* AxisTicksInspector.mm */,
				706EA5A51855FBA30043AAA6 /* AxisTitleInspector.h */,
				706EA5A61855FBA30043AAA6 /* AxisTitleInspector.mm */,
				706EA5A71855FBA30043AAA6 /* FilledAreaInspector.h */,
				706EA5A81855FBA30043AAA6 /* FilledAreaInspector.mm */,
				706EA5A91855FBA30043AAA6 /* H1BinsInspector.h */,
				706EA5AA1855FBA30043AAA6 /* H1BinsInspector.mm */,
				706EA5AB1855FBA30043AAA6 /* H1ErrorsInspector.h */,
				706EA5AC1855FBA30043AAA6 /* H1ErrorsInspector.mm */,
				706EA5AD1855FBA30043AAA6 /* H1Inspector.h */,
				706EA5AE1855FBA30043AAA6 /* H1Inspector.mm */,
				706EA5AF1855FBA30043AAA6 /* InspectorWithNavigation.h */,
				706EA5B01855FBA30043AAA6 /* InspectorWithNavigation.mm */,
				706EA5B11855FBA30043AAA6 /* LineInspector.h */,
				706EA5B21855FBA30043AAA6 /* LineInspector.mm */,
				706EA5B31855FBA30043AAA6 /* MarkerInspector.h */,
				706EA5B41855FBA30043AAA6 /* MarkerInspector.mm */,
				706EA5B51855FBA30043AAA6 /* ObjectInspector.h */,
				706EA5B61855FBA30043AAA6 /* ObjectInspector.mm */,
				706EA5B71855FBA30043AAA6 /* ObjectInspectorComponent.h */,
				706EA5B81855FBA30043AAA6 /* PadInspector.h */,
				706EA5B91855FBA30043AAA6 /* PadInspector.mm */,
				706EA5BA1855FBA30043AAA6 /* PadLogScaleInspector.h */,
				706EA5BB1855FBA30043AAA6 /* PadLogScaleInspector.mm */,
				706EA5BC1855FBA30043AAA6 /* PadTicksGridInspector.h */,
				706EA5BD1855FBA30043AAA6 /* PadTicksGridInspector.mm */,
			);
			path = Controllers;
			sourceTree = "<group>";
		};
		706EA5CF1855FC5B0043AAA6 /* Views */ = {
			isa = PBXGroup;
			children = (
				706EA5D01855FC5B0043AAA6 /* ColorCell.h */,
				706EA5D11855FC5B0043AAA6 /* ColorCell.mm */,
				706EA5D21855FC5B0043AAA6 /* EditorPlateView.h */,
				706EA5D31855FC5B0043AAA6 /* EditorPlateView.mm */,
				706EA5D41855FC5B0043AAA6 /* EditorView.h */,
				706EA5D51855FC5B0043AAA6 /* EditorView.mm */,
				706EA5D61855FC5B0043AAA6 /* LineStyleCell.h */,
				706EA5D71855FC5B0043AAA6 /* LineStyleCell.mm */,
				706EA5D81855FC5B0043AAA6 /* LineWidthCell.h */,
				706EA5D91855FC5B0043AAA6 /* LineWidthCell.mm */,
				706EA5DA1855FC5B0043AAA6 /* LineWidthPicker.h */,
				706EA5DB1855FC5B0043AAA6 /* LineWidthPicker.mm */,
				706EA5DC1855FC5B0043AAA6 /* MarkerStyleCell.h */,
				706EA5DD1855FC5B0043AAA6 /* MarkerStyleCell.mm */,
				706EA5DE1855FC5B0043AAA6 /* PatternCell.h */,
				706EA5DF1855FC5B0043AAA6 /* PatternCell.mm */,
			);
			path = Views;
			sourceTree = "<group>";
		};
		706EA5E81855FD320043AAA6 /* ObjectInspector */ = {
			isa = PBXGroup;
			children = (
				706EA5E91855FD320043AAA6 /* AxisFontInspector.xib */,
				706EA5EA1855FD320043AAA6 /* AxisInspector.xib */,
				706EA5EB1855FD320043AAA6 /* AxisLabelsInspector.xib */,
				706EA5EC1855FD320043AAA6 /* AxisTicksInspector.xib */,
				706EA5ED1855FD320043AAA6 /* AxisTitleInspector.xib */,
				706EA5EE1855FD320043AAA6 /* FilledAreaInspector.xib */,
				706EA5EF1855FD320043AAA6 /* H1BinsInspector.xib */,
				706EA5F01855FD320043AAA6 /* H1ErrorsInspector.xib */,
				706EA5F11855FD320043AAA6 /* H1Inspector.xib */,
				706EA5F21855FD320043AAA6 /* LineInspector.xib */,
				706EA5F31855FD320043AAA6 /* MarkerInspector.xib */,
				706EA5F41855FD320043AAA6 /* PadInspector.xib */,
				706EA5F51855FD320043AAA6 /* PadLogScaleInspector.xib */,
				706EA5F61855FD320043AAA6 /* PadTicksGridInspector.xib */,
			);
			path = ObjectInspector;
			sourceTree = "<group>";
		};
		706EA6051855FDEB0043AAA6 /* Utils */ = {
			isa = PBXGroup;
			children = (
				706EA6061855FDEB0043AAA6 /* Constants.h */,
				706EA6071855FDEB0043AAA6 /* Constants.mm */,
				706EA6081855FDEB0043AAA6 /* FileUtils.h */,
				706EA6091855FDEB0043AAA6 /* FileUtils.mm */,
				706EA60A1855FDEB0043AAA6 /* Shortcuts.h */,
				706EA60B1855FDEB0043AAA6 /* Shortcuts.mm */,
			);
			path = Utils;
			sourceTree = "<group>";
		};
		706EA60F1855FE610043AAA6 /* Images */ = {
			isa = PBXGroup;
			children = (
				706EA624185601F30043AAA6 /* ObjectInspector */,
				706EA639185601F30043AAA6 /* CustomUI */,
				706EA61D1855FEEF0043AAA6 /* Browser */,
				706EA6101855FE610043AAA6 /* Core */,
			);
			path = Images;
			sourceTree = "<group>";
		};
		706EA6101855FE610043AAA6 /* Core */ = {
			isa = PBXGroup;
			children = (
				706EA6111855FE610043AAA6 /* app_icon.png */,
				706EA6121855FE610043AAA6 /* Default-Landscape.png */,
				706EA6131855FE610043AAA6 /* Default-LandscapeLeft.png */,
				706EA6141855FE610043AAA6 /* Default-LandscapeRight.png */,
				706EA6151855FE610043AAA6 /* Default-Portrait.png */,
				706EA6161855FE610043AAA6 /* Default-PortraitUpsideDown.png */,
			);
			path = Core;
			sourceTree = "<group>";
		};
		706EA61D1855FEEF0043AAA6 /* Browser */ = {
			isa = PBXGroup;
			children = (
				706EA61E1855FEEF0043AAA6 /* directory.png */,
				706EA61F1855FEEF0043AAA6 /* file_icon.png */,
				706EA6201855FEEF0043AAA6 /* file_shortcut_background.png */,
			);
			path = Browser;
			sourceTree = "<group>";
		};
		706EA624185601F30043AAA6 /* ObjectInspector */ = {
			isa = PBXGroup;
			children = (
				706EA625185601F30043AAA6 /* back_btn.png */,
				706EA626185601F30043AAA6 /* brush_tab.png */,
				706EA627185601F30043AAA6 /* dec_line_width.png */,
				706EA628185601F30043AAA6 /* editor_plate.png */,
				706EA629185601F30043AAA6 /* editor_state_arrow.png */,
				706EA62A185601F30043AAA6 /* forward_btn.png */,
				706EA62B185601F30043AAA6 /* h1_errors_tab.png */,
				706EA62C185601F30043AAA6 /* h1_tab.png */,
				706EA62D185601F30043AAA6 /* inc_line_width.png */,
				706EA62E185601F30043AAA6 /* label_tab.png */,
				706EA62F185601F30043AAA6 /* lg_tab.png */,
				706EA630185601F30043AAA6 /* line_cell.png */,
				706EA631185601F30043AAA6 /* line_style_tab.png */,
				706EA632185601F30043AAA6 /* line_width_bkn.png */,
				706EA633185601F30043AAA6 /* minus_btn.png */,
				706EA634185601F30043AAA6 /* plus_btn.png */,
				706EA635185601F30043AAA6 /* separator.png */,
				706EA636185601F30043AAA6 /* text_cell_bkn.png */,
				706EA637185601F30043AAA6 /* ticks_tab.png */,
				706EA638185601F30043AAA6 /* title_tab.png */,
			);
			path = ObjectInspector;
			sourceTree = "<group>";
		};
		706EA639185601F30043AAA6 /* CustomUI */ = {
			isa = PBXGroup;
			children = (
				706EA63A185601F30043AAA6 /* bar-background.png */,
				706EA63B185601F30043AAA6 /* bar-highlight.png */,
				706EA63C185601F30043AAA6 /* handle-hover.png */,
				706EA63D185601F30043AAA6 /* handle.png */,
				706EA63E185601F30043AAA6 /* picker_arrow.png */,
				706EA63F185601F30043AAA6 /* picker_bkn.png */,
				706EA640185601F30043AAA6 /* picker_frame_bkn.png */,
			);
			path = CustomUI;
			sourceTree = "<group>";
		};
		7077900E13FE50EB00C0FFA1 = {
			isa = PBXGroup;
			children = (
				70E0B5E61414E5080077E4A8 /* ROOT-related files */,
				70E0B5E71414E5200077E4A8 /* ROOT libs */,
				706EA60F1855FE610043AAA6 /* Images */,
				706EA58E1855F9AB0043AAA6 /* UI */,
				706EA53E1855F5290043AAA6 /* Src */,
				7077902313FE50EB00C0FFA1 /* root_browser */,
				7077901C13FE50EB00C0FFA1 /* Frameworks */,
				7077901A13FE50EB00C0FFA1 /* Products */,
			);
			sourceTree = "<group>";
		};
		7077901A13FE50EB00C0FFA1 /* Products */ = {
			isa = PBXGroup;
			children = (
				7077901913FE50EB00C0FFA1 /* RootBrowser.app */,
			);
			name = Products;
			sourceTree = "<group>";
		};
		7077901C13FE50EB00C0FFA1 /* Frameworks */ = {
			isa = PBXGroup;
			children = (
				70360B19142C7AC6001F77E1 /* MessageUI.framework */,
				7077908F13FE973A00C0FFA1 /* CoreText.framework */,
				7077908D13FE972D00C0FFA1 /* QuartzCore.framework */,
				7077901D13FE50EB00C0FFA1 /* UIKit.framework */,
				7077901F13FE50EB00C0FFA1 /* Foundation.framework */,
				7077902113FE50EB00C0FFA1 /* CoreGraphics.framework */,
			);
			name = Frameworks;
			sourceTree = "<group>";
		};
		7077902313FE50EB00C0FFA1 /* root_browser */ = {
			isa = PBXGroup;
			children = (
				7077902413FE50EB00C0FFA1 /* Supporting Files */,
			);
			path = root_browser;
			sourceTree = "<group>";
		};
		7077902413FE50EB00C0FFA1 /* Supporting Files */ = {
			isa = PBXGroup;
			children = (
				7077902513FE50EB00C0FFA1 /* root_browser-Info.plist */,
				7077902613FE50EB00C0FFA1 /* InfoPlist.strings */,
				7077902913FE50EB00C0FFA1 /* RootBrowser-Prefix.pch */,
			);
			name = "Supporting Files";
			sourceTree = "<group>";
		};
		70E0B5E61414E5080077E4A8 /* ROOT-related files */ = {
			isa = PBXGroup;
			children = (
				709CD05214025148005B2AF4 /* demos.root */,
				709594A313FE97AF00B9E8B6 /* system.rootrc */,
				709594A413FE97AF00B9E8B6 /* system.plugins-ios */,
			);
			name = "ROOT-related files";
			sourceTree = "<group>";
		};
		70E0B5E71414E5200077E4A8 /* ROOT libs */ = {
			isa = PBXGroup;
			children = (
				709594A113FE978C00B9E8B6 /* libz.dylib */,
				7095949813FE978400B9E8B6 /* libRoot.a */,
				7095949913FE978400B9E8B6 /* libfreetype.a */,
				7095949A13FE978400B9E8B6 /* liblzma.a */,
				7095949B13FE978400B9E8B6 /* libpcre.a */,
			);
			name = "ROOT libs";
			sourceTree = "<group>";
		};
/* End PBXGroup section */

/* Begin PBXNativeTarget section */
		7077901813FE50EB00C0FFA1 /* RootBrowser */ = {
			isa = PBXNativeTarget;
			buildConfigurationList = 7077903413FE50EB00C0FFA1 /* Build configuration list for PBXNativeTarget "RootBrowser" */;
			buildPhases = (
				7077901513FE50EB00C0FFA1 /* Sources */,
				7077901613FE50EB00C0FFA1 /* Frameworks */,
				7077901713FE50EB00C0FFA1 /* Resources */,
			);
			buildRules = (
			);
			dependencies = (
			);
			name = RootBrowser;
			productName = root_browser;
			productReference = 7077901913FE50EB00C0FFA1 /* RootBrowser.app */;
			productType = "com.apple.product-type.application";
		};
/* End PBXNativeTarget section */

/* Begin PBXProject section */
		7077901013FE50EB00C0FFA1 /* Project object */ = {
			isa = PBXProject;
			attributes = {
				LastUpgradeCheck = 0500;
				ORGANIZATIONNAME = CERN;
				TargetAttributes = {
					7077901813FE50EB00C0FFA1 = {
						DevelopmentTeam = V5WJKFTQN5;
					};
				};
			};
			buildConfigurationList = 7077901313FE50EB00C0FFA1 /* Build configuration list for PBXProject "RootBrowser" */;
			compatibilityVersion = "Xcode 3.2";
			developmentRegion = English;
			hasScannedForEncodings = 0;
			knownRegions = (
				en,
			);
			mainGroup = 7077900E13FE50EB00C0FFA1;
			productRefGroup = 7077901A13FE50EB00C0FFA1 /* Products */;
			projectDirPath = "";
			projectRoot = "";
			targets = (
				7077901813FE50EB00C0FFA1 /* RootBrowser */,
			);
		};
/* End PBXProject section */

/* Begin PBXResourcesBuildPhase section */
		7077901713FE50EB00C0FFA1 /* Resources */ = {
			isa = PBXResourcesBuildPhase;
			buildActionMask = 2147483647;
			files = (
				706EA64B185601F30043AAA6 /* lg_tab.png in Resources */,
				706EA65A185601F30043AAA6 /* picker_bkn.png in Resources */,
				706EA65B185601F30043AAA6 /* picker_frame_bkn.png in Resources */,
				706EA6221855FEEF0043AAA6 /* file_icon.png in Resources */,
				706EA645185601F30043AAA6 /* editor_state_arrow.png in Resources */,
				706EA5FD1855FD320043AAA6 /* H1BinsInspector.xib in Resources */,
				706EA652185601F30043AAA6 /* text_cell_bkn.png in Resources */,
				706EA6011855FD320043AAA6 /* MarkerInspector.xib in Resources */,
				706EA656185601F30043AAA6 /* bar-highlight.png in Resources */,
				706EA657185601F30043AAA6 /* handle-hover.png in Resources */,
				706EA64D185601F30043AAA6 /* line_style_tab.png in Resources */,
				706EA648185601F30043AAA6 /* h1_tab.png in Resources */,
				706EA644185601F30043AAA6 /* editor_plate.png in Resources */,
				706EA653185601F30043AAA6 /* ticks_tab.png in Resources */,
				706EA64C185601F30043AAA6 /* line_cell.png in Resources */,
				7025582F1856060E00403763 /* Browser_iPad.storyboard in Resources */,
				706EA6171855FE610043AAA6 /* app_icon.png in Resources */,
				706EA646185601F30043AAA6 /* forward_btn.png in Resources */,
				706EA64E185601F30043AAA6 /* line_width_bkn.png in Resources */,
				706EA647185601F30043AAA6 /* h1_errors_tab.png in Resources */,
				706EA654185601F30043AAA6 /* title_tab.png in Resources */,
				706EA5FB1855FD320043AAA6 /* AxisTitleInspector.xib in Resources */,
				706EA61C1855FE610043AAA6 /* Default-PortraitUpsideDown.png in Resources */,
				706EA655185601F30043AAA6 /* bar-background.png in Resources */,
				706EA5F71855FD320043AAA6 /* AxisFontInspector.xib in Resources */,
				706EA658185601F30043AAA6 /* handle.png in Resources */,
				706EA649185601F30043AAA6 /* inc_line_width.png in Resources */,
				706EA5FA1855FD320043AAA6 /* AxisTicksInspector.xib in Resources */,
				706EA5FC1855FD320043AAA6 /* FilledAreaInspector.xib in Resources */,
				706EA650185601F30043AAA6 /* plus_btn.png in Resources */,
				706EA642185601F30043AAA6 /* brush_tab.png in Resources */,
				706EA6211855FEEF0043AAA6 /* directory.png in Resources */,
				706EA64A185601F30043AAA6 /* label_tab.png in Resources */,
				706EA6031855FD320043AAA6 /* PadLogScaleInspector.xib in Resources */,
				706EA61B1855FE610043AAA6 /* Default-Portrait.png in Resources */,
				706EA6191855FE610043AAA6 /* Default-LandscapeLeft.png in Resources */,
				706EA61A1855FE610043AAA6 /* Default-LandscapeRight.png in Resources */,
				706EA5F91855FD320043AAA6 /* AxisLabelsInspector.xib in Resources */,
				706EA651185601F30043AAA6 /* separator.png in Resources */,
				706EA6021855FD320043AAA6 /* PadInspector.xib in Resources */,
				706EA643185601F30043AAA6 /* dec_line_width.png in Resources */,
				706EA5F81855FD320043AAA6 /* AxisInspector.xib in Resources */,
				706EA59A1855FA310043AAA6 /* MainWindow.xib in Resources */,
				706EA6231855FEEF0043AAA6 /* file_shortcut_background.png in Resources */,
				706EA641185601F30043AAA6 /* back_btn.png in Resources */,
				706EA6041855FD320043AAA6 /* PadTicksGridInspector.xib in Resources */,
				706EA5FF1855FD320043AAA6 /* H1Inspector.xib in Resources */,
				709CD05314025148005B2AF4 /* demos.root in Resources */,
				706EA5FE1855FD320043AAA6 /* H1ErrorsInspector.xib in Resources */,
				706EA659185601F30043AAA6 /* picker_arrow.png in Resources */,
				709594A513FE97AF00B9E8B6 /* system.rootrc in Resources */,
				709594A613FE97AF00B9E8B6 /* system.plugins-ios in Resources */,
				706EA6001855FD320043AAA6 /* LineInspector.xib in Resources */,
				7077902813FE50EB00C0FFA1 /* InfoPlist.strings in Resources */,
				706EA64F185601F30043AAA6 /* minus_btn.png in Resources */,
				706EA6181855FE610043AAA6 /* Default-Landscape.png in Resources */,
			);
			runOnlyForDeploymentPostprocessing = 0;
		};
/* End PBXResourcesBuildPhase section */

/* Begin PBXSourcesBuildPhase section */
		7077901513FE50EB00C0FFA1 /* Sources */ = {
			isa = PBXSourcesBuildPhase;
			buildActionMask = 2147483647;
			files = (
				706EA5761855F7E50043AAA6 /* PadEditorScrollView.mm in Sources */,
				706EA55D1855F6DA0043AAA6 /* HorizontalPickerView.mm in Sources */,
				706EA58A1855F8CC0043AAA6 /* FileContentViewController.mm in Sources */,
				706EA5C31855FBA30043AAA6 /* AxisTitleInspector.mm in Sources */,
				706EA5CB1855FBA30043AAA6 /* ObjectInspector.mm in Sources */,
				706EA55F1855F6DA0043AAA6 /* ScrollViewWithPickers.mm in Sources */,
				706EA5431855F5290043AAA6 /* main.mm in Sources */,
				706EA5E51855FC5B0043AAA6 /* LineWidthPicker.mm in Sources */,
				706EA5741855F7E50043AAA6 /* FileShortcutView.mm in Sources */,
				706EA5C11855FBA30043AAA6 /* AxisLabelsInspector.mm in Sources */,
				706EA5C61855FBA30043AAA6 /* H1ErrorsInspector.mm in Sources */,
				706EA5CD1855FBA30043AAA6 /* PadLogScaleInspector.mm in Sources */,
				706EA58C1855F8CC0043AAA6 /* SlideshowViewController.mm in Sources */,
				706EA5771855F7E50043AAA6 /* PadScrollView.mm in Sources */,
				706EA57E1855F8570043AAA6 /* FileContainerElement.mm in Sources */,
				706EA55E1855F6DA0043AAA6 /* RangeSlider.mm in Sources */,
				706EA5601855F6DA0043AAA6 /* TransparentToolbar.m in Sources */,
				706EA60D1855FDEB0043AAA6 /* FileUtils.mm in Sources */,
				706EA5791855F7E50043AAA6 /* PadSlideView.mm in Sources */,
				706EA5C81855FBA30043AAA6 /* InspectorWithNavigation.mm in Sources */,
				706EA60C1855FDEB0043AAA6 /* Constants.mm in Sources */,
				706EA5C71855FBA30043AAA6 /* H1Inspector.mm in Sources */,
				706EA5891855F8CC0043AAA6 /* FileCollectionViewController.mm in Sources */,
				706EA5CE1855FBA30043AAA6 /* PadTicksGridInspector.mm in Sources */,
				706EA5CA1855FBA30043AAA6 /* MarkerInspector.mm in Sources */,
				706EA5C21855FBA30043AAA6 /* AxisTicksInspector.mm in Sources */,
				706EA5E71855FC5B0043AAA6 /* PatternCell.mm in Sources */,
				706EA58D1855F8CC0043AAA6 /* SearchViewController.mm in Sources */,
				706EA5C91855FBA30043AAA6 /* LineInspector.mm in Sources */,
				706EA5E01855FC5B0043AAA6 /* ColorCell.mm in Sources */,
				706EA5C41855FBA30043AAA6 /* FilledAreaInspector.mm in Sources */,
				706EA58B1855F8CC0043AAA6 /* ObjectViewController.mm in Sources */,
				706EA57A1855F7E50043AAA6 /* PadView.mm in Sources */,
				706EA5E31855FC5B0043AAA6 /* LineStyleCell.mm in Sources */,
				706EA5781855F7E50043AAA6 /* PadSelectionView.mm in Sources */,
				706EA5C51855FBA30043AAA6 /* H1BinsInspector.mm in Sources */,
				706EA5C01855FBA30043AAA6 /* AxisInspector.mm in Sources */,
				706EA5CC1855FBA30043AAA6 /* PadInspector.mm in Sources */,
				706EA5E21855FC5B0043AAA6 /* EditorView.mm in Sources */,
				706EA5751855F7E50043AAA6 /* ObjectShortcutView.mm in Sources */,
				706EA5E11855FC5B0043AAA6 /* EditorPlateView.mm in Sources */,
				706EA5441855F5290043AAA6 /* root_browserAppDelegate.mm in Sources */,
				706EA5E41855FC5B0043AAA6 /* LineWidthCell.mm in Sources */,
				706EA5E61855FC5B0043AAA6 /* MarkerStyleCell.mm in Sources */,
				706EA60E1855FDEB0043AAA6 /* Shortcuts.mm in Sources */,
				706EA57B1855F7E50043AAA6 /* SpotObjectView.mm in Sources */,
				706EA5BF1855FBA30043AAA6 /* AxisFontInspector.mm in Sources */,
			);
			runOnlyForDeploymentPostprocessing = 0;
		};
/* End PBXSourcesBuildPhase section */

/* Begin PBXVariantGroup section */
		7077902613FE50EB00C0FFA1 /* InfoPlist.strings */ = {
			isa = PBXVariantGroup;
			children = (
				7077902713FE50EB00C0FFA1 /* en */,
			);
			name = InfoPlist.strings;
			sourceTree = "<group>";
		};
/* End PBXVariantGroup section */

/* Begin XCBuildConfiguration section */
		7077903213FE50EB00C0FFA1 /* Debug */ = {
			isa = XCBuildConfiguration;
			buildSettings = {
				CLANG_CXX_LANGUAGE_STANDARD = "c++0x";
				CLANG_ENABLE_OBJC_ARC = YES;
				CLANG_WARN_BOOL_CONVERSION = YES;
				CLANG_WARN_CONSTANT_CONVERSION = YES;
				CLANG_WARN_EMPTY_BODY = YES;
				CLANG_WARN_ENUM_CONVERSION = YES;
				CLANG_WARN_INT_CONVERSION = YES;
				CLANG_WARN__DUPLICATE_METHOD_MATCH = YES;
				CODE_SIGN_IDENTITY = "iPhone Developer";
				"CODE_SIGN_IDENTITY[sdk=iphoneos*]" = "iPhone Developer";
				COPY_PHASE_STRIP = NO;
				DEBUG_INFORMATION_FORMAT = dwarf;
				GCC_C_LANGUAGE_STANDARD = "compiler-default";
				GCC_OPTIMIZATION_LEVEL = 0;
				GCC_PREPROCESSOR_DEFINITIONS = DEBUG;
				GCC_SYMBOLS_PRIVATE_EXTERN = NO;
				GCC_VERSION = "";
				GCC_WARN_64_TO_32_BIT_CONVERSION = YES;
				GCC_WARN_ABOUT_RETURN_TYPE = YES;
				GCC_WARN_UNDECLARED_SELECTOR = YES;
				GCC_WARN_UNINITIALIZED_AUTOS = YES;
				GCC_WARN_UNUSED_FUNCTION = YES;
				GCC_WARN_UNUSED_VARIABLE = YES;
				IPHONEOS_DEPLOYMENT_TARGET = 7.0;
				ONLY_ACTIVE_ARCH = YES;
				OTHER_LDFLAGS = "";
				PROVISIONING_PROFILE = "";
				SDKROOT = iphoneos;
				TARGETED_DEVICE_FAMILY = 2;
			};
			name = Debug;
		};
		7077903313FE50EB00C0FFA1 /* Release */ = {
			isa = XCBuildConfiguration;
			buildSettings = {
				CLANG_CXX_LANGUAGE_STANDARD = "c++0x";
				CLANG_ENABLE_OBJC_ARC = YES;
				CLANG_WARN_BOOL_CONVERSION = YES;
				CLANG_WARN_CONSTANT_CONVERSION = YES;
				CLANG_WARN_EMPTY_BODY = YES;
				CLANG_WARN_ENUM_CONVERSION = YES;
				CLANG_WARN_INT_CONVERSION = YES;
				CLANG_WARN__DUPLICATE_METHOD_MATCH = YES;
				CODE_SIGN_IDENTITY = "iPhone Distribution";
				"CODE_SIGN_IDENTITY[sdk=iphoneos*]" = "iPhone Distribution";
				GCC_C_LANGUAGE_STANDARD = "compiler-default";
				GCC_VERSION = "";
				GCC_WARN_64_TO_32_BIT_CONVERSION = YES;
				GCC_WARN_ABOUT_RETURN_TYPE = YES;
				GCC_WARN_UNDECLARED_SELECTOR = YES;
				GCC_WARN_UNINITIALIZED_AUTOS = YES;
				GCC_WARN_UNUSED_FUNCTION = YES;
				GCC_WARN_UNUSED_VARIABLE = YES;
				IPHONEOS_DEPLOYMENT_TARGET = 7.0;
				OTHER_CFLAGS = "-DNS_BLOCK_ASSERTIONS=1";
				OTHER_LDFLAGS = "";
				PROVISIONING_PROFILE = "";
				SDKROOT = iphoneos;
				TARGETED_DEVICE_FAMILY = 2;
				VALIDATE_PRODUCT = YES;
			};
			name = Release;
		};
		7077903513FE50EB00C0FFA1 /* Debug */ = {
			isa = XCBuildConfiguration;
			buildSettings = {
				ALWAYS_SEARCH_USER_PATHS = NO;
				CLANG_CXX_LANGUAGE_STANDARD = "c++0x";
				CLANG_ENABLE_OBJC_ARC = YES;
				CODE_SIGN_IDENTITY = "iPhone Developer: Timur Pocheptsov (9HWLS7R4VJ)";
				"CODE_SIGN_IDENTITY[sdk=iphoneos*]" = "iPhone Developer";
				COPY_PHASE_STRIP = NO;
				GCC_DYNAMIC_NO_PIC = NO;
				GCC_PRECOMPILE_PREFIX_HEADER = NO;
				GCC_PREFIX_HEADER = "root_browser/RootBrowser-Prefix.pch";
				HEADER_SEARCH_PATHS = ../../../include;
				INFOPLIST_FILE = "root_browser/root_browser-Info.plist";
				IPHONEOS_DEPLOYMENT_TARGET = 7.0;
				LIBRARY_SEARCH_PATHS = ../../../lib;
				OTHER_LDFLAGS = (
					../../../hist/hist/src/G__Hist.o,
					../../../hist/histpainter/src/G__HistPainter.o,
					../../../graf3d/g3d/src/G__G3D.o,
					../../../net/net/src/G__Net.o,
					../../../io/io/src/G__IO.o,
				);
				PRODUCT_NAME = RootBrowser;
				PROVISIONING_PROFILE = "";
				WRAPPER_EXTENSION = app;
			};
			name = Debug;
		};
		7077903613FE50EB00C0FFA1 /* Release */ = {
			isa = XCBuildConfiguration;
			buildSettings = {
				ALWAYS_SEARCH_USER_PATHS = NO;
				CLANG_CXX_LANGUAGE_STANDARD = "c++0x";
				CLANG_ENABLE_OBJC_ARC = YES;
				CODE_SIGN_IDENTITY = "iPhone Developer: Timur Pocheptsov (9HWLS7R4VJ)";
				"CODE_SIGN_IDENTITY[sdk=iphoneos*]" = "iPhone Developer";
				COPY_PHASE_STRIP = YES;
				GCC_INLINES_ARE_PRIVATE_EXTERN = YES;
				GCC_PRECOMPILE_PREFIX_HEADER = NO;
				GCC_PREFIX_HEADER = "root_browser/RootBrowser-Prefix.pch";
				HEADER_SEARCH_PATHS = ../../../include;
				INFOPLIST_FILE = "root_browser/root_browser-Info.plist";
				IPHONEOS_DEPLOYMENT_TARGET = 7.0;
				LIBRARY_SEARCH_PATHS = ../../../lib;
				OTHER_LDFLAGS = (
					../../../hist/hist/src/G__Hist.o,
					../../../hist/histpainter/src/G__HistPainter.o,
					../../../graf3d/g3d/src/G__G3D.o,
					../../../net/net/src/G__Net.o,
					../../../io/io/src/G__IO.o,
				);
				PRODUCT_NAME = RootBrowser;
				PROVISIONING_PROFILE = "";
				VALIDATE_PRODUCT = YES;
				WRAPPER_EXTENSION = app;
			};
			name = Release;
		};
/* End XCBuildConfiguration section */

/* Begin XCConfigurationList section */
		7077901313FE50EB00C0FFA1 /* Build configuration list for PBXProject "RootBrowser" */ = {
			isa = XCConfigurationList;
			buildConfigurations = (
				7077903213FE50EB00C0FFA1 /* Debug */,
				7077903313FE50EB00C0FFA1 /* Release */,
			);
			defaultConfigurationIsVisible = 0;
			defaultConfigurationName = Release;
		};
		7077903413FE50EB00C0FFA1 /* Build configuration list for PBXNativeTarget "RootBrowser" */ = {
			isa = XCConfigurationList;
			buildConfigurations = (
				7077903513FE50EB00C0FFA1 /* Debug */,
				7077903613FE50EB00C0FFA1 /* Release */,
			);
			defaultConfigurationIsVisible = 0;
			defaultConfigurationName = Release;
		};
/* End XCConfigurationList section */
	};
	rootObject = 7077901013FE50EB00C0FFA1 /* Project object */;
}
